// !$*UTF8*$!
{
	archiveVersion = 1;
	classes = {
	};
	objectVersion = 56;
	objects = {

/* Begin PBXBuildFile section */
		DE0B8DB42A63BD9800ED79DC /* SelfMadeGraphQLPracticeApp.swift in Sources */ = {isa = PBXBuildFile; fileRef = DE0B8DB32A63BD9800ED79DC /* SelfMadeGraphQLPracticeApp.swift */; };
		DE0B8DB62A63BD9800ED79DC /* ContentView.swift in Sources */ = {isa = PBXBuildFile; fileRef = DE0B8DB52A63BD9800ED79DC /* ContentView.swift */; };
		DE0B8DB82A63BD9900ED79DC /* Assets.xcassets in Resources */ = {isa = PBXBuildFile; fileRef = DE0B8DB72A63BD9900ED79DC /* Assets.xcassets */; };
		DE0B8DBB2A63BD9900ED79DC /* Preview Assets.xcassets in Resources */ = {isa = PBXBuildFile; fileRef = DE0B8DBA2A63BD9900ED79DC /* Preview Assets.xcassets */; };
		DE0B8DC52A63BD9900ED79DC /* SelfMadeGraphQLPracticeTests.swift in Sources */ = {isa = PBXBuildFile; fileRef = DE0B8DC42A63BD9900ED79DC /* SelfMadeGraphQLPracticeTests.swift */; };
		DE0B8DCF2A63BD9900ED79DC /* SelfMadeGraphQLPracticeUITests.swift in Sources */ = {isa = PBXBuildFile; fileRef = DE0B8DCE2A63BD9900ED79DC /* SelfMadeGraphQLPracticeUITests.swift */; };
		DE0B8DD12A63BD9900ED79DC /* SelfMadeGraphQLPracticeUITestsLaunchTests.swift in Sources */ = {isa = PBXBuildFile; fileRef = DE0B8DD02A63BD9900ED79DC /* SelfMadeGraphQLPracticeUITestsLaunchTests.swift */; };
		DE1DF5F92A9C1644005490CE /* Apollo in Frameworks */ = {isa = PBXBuildFile; productRef = DE1DF5F82A9C1644005490CE /* Apollo */; };
		DE1DF5FC2A9C1795005490CE /* SDWebImageSwiftUI in Frameworks */ = {isa = PBXBuildFile; productRef = DE1DF5FB2A9C1795005490CE /* SDWebImageSwiftUI */; };
		DE1DF6082A9C1970005490CE /* CombineExpectations in Frameworks */ = {isa = PBXBuildFile; productRef = DE1DF6072A9C1970005490CE /* CombineExpectations */; };
		DE1DF60A2A9C1976005490CE /* Quick in Frameworks */ = {isa = PBXBuildFile; productRef = DE1DF6092A9C1976005490CE /* Quick */; };
		DE1DF60C2A9C197A005490CE /* Nimble in Frameworks */ = {isa = PBXBuildFile; productRef = DE1DF60B2A9C197A005490CE /* Nimble */; };
/* End PBXBuildFile section */

/* Begin PBXContainerItemProxy section */
		DE0B8DC12A63BD9900ED79DC /* PBXContainerItemProxy */ = {
			isa = PBXContainerItemProxy;
			containerPortal = DE0B8DA82A63BD9800ED79DC /* Project object */;
			proxyType = 1;
			remoteGlobalIDString = DE0B8DAF2A63BD9800ED79DC;
			remoteInfo = SelfMadeGraphQLPractice;
		};
		DE0B8DCB2A63BD9900ED79DC /* PBXContainerItemProxy */ = {
			isa = PBXContainerItemProxy;
			containerPortal = DE0B8DA82A63BD9800ED79DC /* Project object */;
			proxyType = 1;
			remoteGlobalIDString = DE0B8DAF2A63BD9800ED79DC;
			remoteInfo = SelfMadeGraphQLPractice;
		};
/* End PBXContainerItemProxy section */

/* Begin PBXFileReference section */
		DE0B8DB02A63BD9800ED79DC /* SelfMadeGraphQLPractice.app */ = {isa = PBXFileReference; explicitFileType = wrapper.application; includeInIndex = 0; path = SelfMadeGraphQLPractice.app; sourceTree = BUILT_PRODUCTS_DIR; };
		DE0B8DB32A63BD9800ED79DC /* SelfMadeGraphQLPracticeApp.swift */ = {isa = PBXFileReference; lastKnownFileType = sourcecode.swift; path = SelfMadeGraphQLPracticeApp.swift; sourceTree = "<group>"; };
		DE0B8DB52A63BD9800ED79DC /* ContentView.swift */ = {isa = PBXFileReference; lastKnownFileType = sourcecode.swift; path = ContentView.swift; sourceTree = "<group>"; };
		DE0B8DB72A63BD9900ED79DC /* Assets.xcassets */ = {isa = PBXFileReference; lastKnownFileType = folder.assetcatalog; path = Assets.xcassets; sourceTree = "<group>"; };
		DE0B8DBA2A63BD9900ED79DC /* Preview Assets.xcassets */ = {isa = PBXFileReference; lastKnownFileType = folder.assetcatalog; path = "Preview Assets.xcassets"; sourceTree = "<group>"; };
		DE0B8DC02A63BD9900ED79DC /* SelfMadeGraphQLPracticeTests.xctest */ = {isa = PBXFileReference; explicitFileType = wrapper.cfbundle; includeInIndex = 0; path = SelfMadeGraphQLPracticeTests.xctest; sourceTree = BUILT_PRODUCTS_DIR; };
		DE0B8DC42A63BD9900ED79DC /* SelfMadeGraphQLPracticeTests.swift */ = {isa = PBXFileReference; lastKnownFileType = sourcecode.swift; path = SelfMadeGraphQLPracticeTests.swift; sourceTree = "<group>"; };
		DE0B8DCA2A63BD9900ED79DC /* SelfMadeGraphQLPracticeUITests.xctest */ = {isa = PBXFileReference; explicitFileType = wrapper.cfbundle; includeInIndex = 0; path = SelfMadeGraphQLPracticeUITests.xctest; sourceTree = BUILT_PRODUCTS_DIR; };
		DE0B8DCE2A63BD9900ED79DC /* SelfMadeGraphQLPracticeUITests.swift */ = {isa = PBXFileReference; lastKnownFileType = sourcecode.swift; path = SelfMadeGraphQLPracticeUITests.swift; sourceTree = "<group>"; };
		DE0B8DD02A63BD9900ED79DC /* SelfMadeGraphQLPracticeUITestsLaunchTests.swift */ = {isa = PBXFileReference; lastKnownFileType = sourcecode.swift; path = SelfMadeGraphQLPracticeUITestsLaunchTests.swift; sourceTree = "<group>"; };
/* End PBXFileReference section */

/* Begin PBXFrameworksBuildPhase section */
		DE0B8DAD2A63BD9800ED79DC /* Frameworks */ = {
			isa = PBXFrameworksBuildPhase;
			buildActionMask = 2147483647;
			files = (
				DE1DF5FC2A9C1795005490CE /* SDWebImageSwiftUI in Frameworks */,
				DE1DF5F92A9C1644005490CE /* Apollo in Frameworks */,
			);
			runOnlyForDeploymentPostprocessing = 0;
		};
		DE0B8DBD2A63BD9900ED79DC /* Frameworks */ = {
			isa = PBXFrameworksBuildPhase;
			buildActionMask = 2147483647;
			files = (
				DE1DF60C2A9C197A005490CE /* Nimble in Frameworks */,
				DE1DF60A2A9C1976005490CE /* Quick in Frameworks */,
				DE1DF6082A9C1970005490CE /* CombineExpectations in Frameworks */,
			);
			runOnlyForDeploymentPostprocessing = 0;
		};
		DE0B8DC72A63BD9900ED79DC /* Frameworks */ = {
			isa = PBXFrameworksBuildPhase;
			buildActionMask = 2147483647;
			files = (
			);
			runOnlyForDeploymentPostprocessing = 0;
		};
/* End PBXFrameworksBuildPhase section */

/* Begin PBXGroup section */
		DE0B8DA72A63BD9800ED79DC = {
			isa = PBXGroup;
			children = (
				DE0B8DB22A63BD9800ED79DC /* SelfMadeGraphQLPractice */,
				DE0B8DC32A63BD9900ED79DC /* SelfMadeGraphQLPracticeTests */,
				DE0B8DCD2A63BD9900ED79DC /* SelfMadeGraphQLPracticeUITests */,
				DE0B8DB12A63BD9800ED79DC /* Products */,
				DE1DF6062A9C1970005490CE /* Frameworks */,
			);
			sourceTree = "<group>";
		};
		DE0B8DB12A63BD9800ED79DC /* Products */ = {
			isa = PBXGroup;
			children = (
				DE0B8DB02A63BD9800ED79DC /* SelfMadeGraphQLPractice.app */,
				DE0B8DC02A63BD9900ED79DC /* SelfMadeGraphQLPracticeTests.xctest */,
				DE0B8DCA2A63BD9900ED79DC /* SelfMadeGraphQLPracticeUITests.xctest */,
			);
			name = Products;
			sourceTree = "<group>";
		};
		DE0B8DB22A63BD9800ED79DC /* SelfMadeGraphQLPractice */ = {
			isa = PBXGroup;
			children = (
				DE0B8DB32A63BD9800ED79DC /* SelfMadeGraphQLPracticeApp.swift */,
				DE0B8DB52A63BD9800ED79DC /* ContentView.swift */,
				DE0B8DB72A63BD9900ED79DC /* Assets.xcassets */,
				DE0B8DB92A63BD9900ED79DC /* Preview Content */,
			);
			path = SelfMadeGraphQLPractice;
			sourceTree = "<group>";
		};
		DE0B8DB92A63BD9900ED79DC /* Preview Content */ = {
			isa = PBXGroup;
			children = (
				DE0B8DBA2A63BD9900ED79DC /* Preview Assets.xcassets */,
			);
			path = "Preview Content";
			sourceTree = "<group>";
		};
		DE0B8DC32A63BD9900ED79DC /* SelfMadeGraphQLPracticeTests */ = {
			isa = PBXGroup;
			children = (
				DE0B8DC42A63BD9900ED79DC /* SelfMadeGraphQLPracticeTests.swift */,
			);
			path = SelfMadeGraphQLPracticeTests;
			sourceTree = "<group>";
		};
		DE0B8DCD2A63BD9900ED79DC /* SelfMadeGraphQLPracticeUITests */ = {
			isa = PBXGroup;
			children = (
				DE0B8DCE2A63BD9900ED79DC /* SelfMadeGraphQLPracticeUITests.swift */,
				DE0B8DD02A63BD9900ED79DC /* SelfMadeGraphQLPracticeUITestsLaunchTests.swift */,
			);
			path = SelfMadeGraphQLPracticeUITests;
			sourceTree = "<group>";
		};
		DE1DF6062A9C1970005490CE /* Frameworks */ = {
			isa = PBXGroup;
			children = (
			);
			name = Frameworks;
			sourceTree = "<group>";
		};
/* End PBXGroup section */

/* Begin PBXNativeTarget section */
		DE0B8DAF2A63BD9800ED79DC /* SelfMadeGraphQLPractice */ = {
			isa = PBXNativeTarget;
			buildConfigurationList = DE0B8DD42A63BD9900ED79DC /* Build configuration list for PBXNativeTarget "SelfMadeGraphQLPractice" */;
			buildPhases = (
				DE0B8DAC2A63BD9800ED79DC /* Sources */,
				DE0B8DAD2A63BD9800ED79DC /* Frameworks */,
				DE0B8DAE2A63BD9800ED79DC /* Resources */,
			);
			buildRules = (
			);
			dependencies = (
			);
			name = SelfMadeGraphQLPractice;
			packageProductDependencies = (
				DE1DF5F82A9C1644005490CE /* Apollo */,
				DE1DF5FB2A9C1795005490CE /* SDWebImageSwiftUI */,
			);
			productName = SelfMadeGraphQLPractice;
			productReference = DE0B8DB02A63BD9800ED79DC /* SelfMadeGraphQLPractice.app */;
			productType = "com.apple.product-type.application";
		};
		DE0B8DBF2A63BD9900ED79DC /* SelfMadeGraphQLPracticeTests */ = {
			isa = PBXNativeTarget;
			buildConfigurationList = DE0B8DD72A63BD9900ED79DC /* Build configuration list for PBXNativeTarget "SelfMadeGraphQLPracticeTests" */;
			buildPhases = (
				DE0B8DBC2A63BD9900ED79DC /* Sources */,
				DE0B8DBD2A63BD9900ED79DC /* Frameworks */,
				DE0B8DBE2A63BD9900ED79DC /* Resources */,
			);
			buildRules = (
			);
			dependencies = (
				DE0B8DC22A63BD9900ED79DC /* PBXTargetDependency */,
			);
			name = SelfMadeGraphQLPracticeTests;
			packageProductDependencies = (
				DE1DF6072A9C1970005490CE /* CombineExpectations */,
				DE1DF6092A9C1976005490CE /* Quick */,
				DE1DF60B2A9C197A005490CE /* Nimble */,
			);
			productName = SelfMadeGraphQLPracticeTests;
			productReference = DE0B8DC02A63BD9900ED79DC /* SelfMadeGraphQLPracticeTests.xctest */;
			productType = "com.apple.product-type.bundle.unit-test";
		};
		DE0B8DC92A63BD9900ED79DC /* SelfMadeGraphQLPracticeUITests */ = {
			isa = PBXNativeTarget;
			buildConfigurationList = DE0B8DDA2A63BD9900ED79DC /* Build configuration list for PBXNativeTarget "SelfMadeGraphQLPracticeUITests" */;
			buildPhases = (
				DE0B8DC62A63BD9900ED79DC /* Sources */,
				DE0B8DC72A63BD9900ED79DC /* Frameworks */,
				DE0B8DC82A63BD9900ED79DC /* Resources */,
			);
			buildRules = (
			);
			dependencies = (
				DE0B8DCC2A63BD9900ED79DC /* PBXTargetDependency */,
			);
			name = SelfMadeGraphQLPracticeUITests;
			productName = SelfMadeGraphQLPracticeUITests;
			productReference = DE0B8DCA2A63BD9900ED79DC /* SelfMadeGraphQLPracticeUITests.xctest */;
			productType = "com.apple.product-type.bundle.ui-testing";
		};
/* End PBXNativeTarget section */

/* Begin PBXProject section */
		DE0B8DA82A63BD9800ED79DC /* Project object */ = {
			isa = PBXProject;
			attributes = {
				BuildIndependentTargetsInParallel = 1;
				LastSwiftUpdateCheck = 1430;
				LastUpgradeCheck = 1430;
				TargetAttributes = {
					DE0B8DAF2A63BD9800ED79DC = {
						CreatedOnToolsVersion = 14.3.1;
					};
					DE0B8DBF2A63BD9900ED79DC = {
						CreatedOnToolsVersion = 14.3.1;
						TestTargetID = DE0B8DAF2A63BD9800ED79DC;
					};
					DE0B8DC92A63BD9900ED79DC = {
						CreatedOnToolsVersion = 14.3.1;
						TestTargetID = DE0B8DAF2A63BD9800ED79DC;
					};
				};
			};
			buildConfigurationList = DE0B8DAB2A63BD9800ED79DC /* Build configuration list for PBXProject "SelfMadeGraphQLPractice" */;
			compatibilityVersion = "Xcode 14.0";
			developmentRegion = en;
			hasScannedForEncodings = 0;
			knownRegions = (
				en,
				Base,
			);
			mainGroup = DE0B8DA72A63BD9800ED79DC;
			packageReferences = (
				DE1DF5F72A9C1644005490CE /* XCRemoteSwiftPackageReference "apollo-ios" */,
				DE1DF5FA2A9C1795005490CE /* XCRemoteSwiftPackageReference "SDWebImageSwiftUI" */,
				DE1DF5FD2A9C1827005490CE /* XCRemoteSwiftPackageReference "CombineExpectations" */,
				DE1DF6002A9C1892005490CE /* XCRemoteSwiftPackageReference "Quick" */,
				DE1DF6032A9C18D5005490CE /* XCRemoteSwiftPackageReference "Nimble" */,
			);
			productRefGroup = DE0B8DB12A63BD9800ED79DC /* Products */;
			projectDirPath = "";
			projectRoot = "";
			targets = (
				DE0B8DAF2A63BD9800ED79DC /* SelfMadeGraphQLPractice */,
				DE0B8DBF2A63BD9900ED79DC /* SelfMadeGraphQLPracticeTests */,
				DE0B8DC92A63BD9900ED79DC /* SelfMadeGraphQLPracticeUITests */,
			);
		};
/* End PBXProject section */

/* Begin PBXResourcesBuildPhase section */
		DE0B8DAE2A63BD9800ED79DC /* Resources */ = {
			isa = PBXResourcesBuildPhase;
			buildActionMask = 2147483647;
			files = (
				DE0B8DBB2A63BD9900ED79DC /* Preview Assets.xcassets in Resources */,
				DE0B8DB82A63BD9900ED79DC /* Assets.xcassets in Resources */,
			);
			runOnlyForDeploymentPostprocessing = 0;
		};
		DE0B8DBE2A63BD9900ED79DC /* Resources */ = {
			isa = PBXResourcesBuildPhase;
			buildActionMask = 2147483647;
			files = (
			);
			runOnlyForDeploymentPostprocessing = 0;
		};
		DE0B8DC82A63BD9900ED79DC /* Resources */ = {
			isa = PBXResourcesBuildPhase;
			buildActionMask = 2147483647;
			files = (
			);
			runOnlyForDeploymentPostprocessing = 0;
		};
/* End PBXResourcesBuildPhase section */

/* Begin PBXSourcesBuildPhase section */
		DE0B8DAC2A63BD9800ED79DC /* Sources */ = {
			isa = PBXSourcesBuildPhase;
			buildActionMask = 2147483647;
			files = (
				DE0B8DB62A63BD9800ED79DC /* ContentView.swift in Sources */,
				DE0B8DB42A63BD9800ED79DC /* SelfMadeGraphQLPracticeApp.swift in Sources */,
			);
			runOnlyForDeploymentPostprocessing = 0;
		};
		DE0B8DBC2A63BD9900ED79DC /* Sources */ = {
			isa = PBXSourcesBuildPhase;
			buildActionMask = 2147483647;
			files = (
				DE0B8DC52A63BD9900ED79DC /* SelfMadeGraphQLPracticeTests.swift in Sources */,
			);
			runOnlyForDeploymentPostprocessing = 0;
		};
		DE0B8DC62A63BD9900ED79DC /* Sources */ = {
			isa = PBXSourcesBuildPhase;
			buildActionMask = 2147483647;
			files = (
				DE0B8DD12A63BD9900ED79DC /* SelfMadeGraphQLPracticeUITestsLaunchTests.swift in Sources */,
				DE0B8DCF2A63BD9900ED79DC /* SelfMadeGraphQLPracticeUITests.swift in Sources */,
			);
			runOnlyForDeploymentPostprocessing = 0;
		};
/* End PBXSourcesBuildPhase section */

/* Begin PBXTargetDependency section */
		DE0B8DC22A63BD9900ED79DC /* PBXTargetDependency */ = {
			isa = PBXTargetDependency;
			target = DE0B8DAF2A63BD9800ED79DC /* SelfMadeGraphQLPractice */;
			targetProxy = DE0B8DC12A63BD9900ED79DC /* PBXContainerItemProxy */;
		};
		DE0B8DCC2A63BD9900ED79DC /* PBXTargetDependency */ = {
			isa = PBXTargetDependency;
			target = DE0B8DAF2A63BD9800ED79DC /* SelfMadeGraphQLPractice */;
			targetProxy = DE0B8DCB2A63BD9900ED79DC /* PBXContainerItemProxy */;
		};
/* End PBXTargetDependency section */

/* Begin XCBuildConfiguration section */
		DE0B8DD22A63BD9900ED79DC /* Debug */ = {
			isa = XCBuildConfiguration;
			buildSettings = {
				ALWAYS_SEARCH_USER_PATHS = NO;
				CLANG_ANALYZER_NONNULL = YES;
				CLANG_ANALYZER_NUMBER_OBJECT_CONVERSION = YES_AGGRESSIVE;
				CLANG_CXX_LANGUAGE_STANDARD = "gnu++20";
				CLANG_ENABLE_MODULES = YES;
				CLANG_ENABLE_OBJC_ARC = YES;
				CLANG_ENABLE_OBJC_WEAK = YES;
				CLANG_WARN_BLOCK_CAPTURE_AUTORELEASING = YES;
				CLANG_WARN_BOOL_CONVERSION = YES;
				CLANG_WARN_COMMA = YES;
				CLANG_WARN_CONSTANT_CONVERSION = YES;
				CLANG_WARN_DEPRECATED_OBJC_IMPLEMENTATIONS = YES;
				CLANG_WARN_DIRECT_OBJC_ISA_USAGE = YES_ERROR;
				CLANG_WARN_DOCUMENTATION_COMMENTS = YES;
				CLANG_WARN_EMPTY_BODY = YES;
				CLANG_WARN_ENUM_CONVERSION = YES;
				CLANG_WARN_INFINITE_RECURSION = YES;
				CLANG_WARN_INT_CONVERSION = YES;
				CLANG_WARN_NON_LITERAL_NULL_CONVERSION = YES;
				CLANG_WARN_OBJC_IMPLICIT_RETAIN_SELF = YES;
				CLANG_WARN_OBJC_LITERAL_CONVERSION = YES;
				CLANG_WARN_OBJC_ROOT_CLASS = YES_ERROR;
				CLANG_WARN_QUOTED_INCLUDE_IN_FRAMEWORK_HEADER = YES;
				CLANG_WARN_RANGE_LOOP_ANALYSIS = YES;
				CLANG_WARN_STRICT_PROTOTYPES = YES;
				CLANG_WARN_SUSPICIOUS_MOVE = YES;
				CLANG_WARN_UNGUARDED_AVAILABILITY = YES_AGGRESSIVE;
				CLANG_WARN_UNREACHABLE_CODE = YES;
				CLANG_WARN__DUPLICATE_METHOD_MATCH = YES;
				COPY_PHASE_STRIP = NO;
				DEBUG_INFORMATION_FORMAT = dwarf;
				ENABLE_STRICT_OBJC_MSGSEND = YES;
				ENABLE_TESTABILITY = YES;
				GCC_C_LANGUAGE_STANDARD = gnu11;
				GCC_DYNAMIC_NO_PIC = NO;
				GCC_NO_COMMON_BLOCKS = YES;
				GCC_OPTIMIZATION_LEVEL = 0;
				GCC_PREPROCESSOR_DEFINITIONS = (
					"DEBUG=1",
					"$(inherited)",
				);
				GCC_WARN_64_TO_32_BIT_CONVERSION = YES;
				GCC_WARN_ABOUT_RETURN_TYPE = YES_ERROR;
				GCC_WARN_UNDECLARED_SELECTOR = YES;
				GCC_WARN_UNINITIALIZED_AUTOS = YES_AGGRESSIVE;
				GCC_WARN_UNUSED_FUNCTION = YES;
				GCC_WARN_UNUSED_VARIABLE = YES;
				IPHONEOS_DEPLOYMENT_TARGET = 16.4;
				MTL_ENABLE_DEBUG_INFO = INCLUDE_SOURCE;
				MTL_FAST_MATH = YES;
				ONLY_ACTIVE_ARCH = YES;
				SDKROOT = iphoneos;
				SWIFT_ACTIVE_COMPILATION_CONDITIONS = DEBUG;
				SWIFT_OPTIMIZATION_LEVEL = "-Onone";
			};
			name = Debug;
		};
		DE0B8DD32A63BD9900ED79DC /* Release */ = {
			isa = XCBuildConfiguration;
			buildSettings = {
				ALWAYS_SEARCH_USER_PATHS = NO;
				CLANG_ANALYZER_NONNULL = YES;
				CLANG_ANALYZER_NUMBER_OBJECT_CONVERSION = YES_AGGRESSIVE;
				CLANG_CXX_LANGUAGE_STANDARD = "gnu++20";
				CLANG_ENABLE_MODULES = YES;
				CLANG_ENABLE_OBJC_ARC = YES;
				CLANG_ENABLE_OBJC_WEAK = YES;
				CLANG_WARN_BLOCK_CAPTURE_AUTORELEASING = YES;
				CLANG_WARN_BOOL_CONVERSION = YES;
				CLANG_WARN_COMMA = YES;
				CLANG_WARN_CONSTANT_CONVERSION = YES;
				CLANG_WARN_DEPRECATED_OBJC_IMPLEMENTATIONS = YES;
				CLANG_WARN_DIRECT_OBJC_ISA_USAGE = YES_ERROR;
				CLANG_WARN_DOCUMENTATION_COMMENTS = YES;
				CLANG_WARN_EMPTY_BODY = YES;
				CLANG_WARN_ENUM_CONVERSION = YES;
				CLANG_WARN_INFINITE_RECURSION = YES;
				CLANG_WARN_INT_CONVERSION = YES;
				CLANG_WARN_NON_LITERAL_NULL_CONVERSION = YES;
				CLANG_WARN_OBJC_IMPLICIT_RETAIN_SELF = YES;
				CLANG_WARN_OBJC_LITERAL_CONVERSION = YES;
				CLANG_WARN_OBJC_ROOT_CLASS = YES_ERROR;
				CLANG_WARN_QUOTED_INCLUDE_IN_FRAMEWORK_HEADER = YES;
				CLANG_WARN_RANGE_LOOP_ANALYSIS = YES;
				CLANG_WARN_STRICT_PROTOTYPES = YES;
				CLANG_WARN_SUSPICIOUS_MOVE = YES;
				CLANG_WARN_UNGUARDED_AVAILABILITY = YES_AGGRESSIVE;
				CLANG_WARN_UNREACHABLE_CODE = YES;
				CLANG_WARN__DUPLICATE_METHOD_MATCH = YES;
				COPY_PHASE_STRIP = NO;
				DEBUG_INFORMATION_FORMAT = "dwarf-with-dsym";
				ENABLE_NS_ASSERTIONS = NO;
				ENABLE_STRICT_OBJC_MSGSEND = YES;
				GCC_C_LANGUAGE_STANDARD = gnu11;
				GCC_NO_COMMON_BLOCKS = YES;
				GCC_WARN_64_TO_32_BIT_CONVERSION = YES;
				GCC_WARN_ABOUT_RETURN_TYPE = YES_ERROR;
				GCC_WARN_UNDECLARED_SELECTOR = YES;
				GCC_WARN_UNINITIALIZED_AUTOS = YES_AGGRESSIVE;
				GCC_WARN_UNUSED_FUNCTION = YES;
				GCC_WARN_UNUSED_VARIABLE = YES;
				IPHONEOS_DEPLOYMENT_TARGET = 16.4;
				MTL_ENABLE_DEBUG_INFO = NO;
				MTL_FAST_MATH = YES;
				SDKROOT = iphoneos;
				SWIFT_COMPILATION_MODE = wholemodule;
				SWIFT_OPTIMIZATION_LEVEL = "-O";
				VALIDATE_PRODUCT = YES;
			};
			name = Release;
		};
		DE0B8DD52A63BD9900ED79DC /* Debug */ = {
			isa = XCBuildConfiguration;
			buildSettings = {
				ASSETCATALOG_COMPILER_APPICON_NAME = AppIcon;
				ASSETCATALOG_COMPILER_GLOBAL_ACCENT_COLOR_NAME = AccentColor;
				CODE_SIGN_STYLE = Automatic;
				CURRENT_PROJECT_VERSION = 1;
				DEVELOPMENT_ASSET_PATHS = "\"SelfMadeGraphQLPractice/Preview Content\"";
				DEVELOPMENT_TEAM = S5BF5553KY;
				ENABLE_PREVIEWS = YES;
				GENERATE_INFOPLIST_FILE = YES;
				INFOPLIST_KEY_UIApplicationSceneManifest_Generation = YES;
				INFOPLIST_KEY_UIApplicationSupportsIndirectInputEvents = YES;
				INFOPLIST_KEY_UILaunchScreen_Generation = YES;
				INFOPLIST_KEY_UISupportedInterfaceOrientations_iPad = "UIInterfaceOrientationPortrait UIInterfaceOrientationPortraitUpsideDown UIInterfaceOrientationLandscapeLeft UIInterfaceOrientationLandscapeRight";
				INFOPLIST_KEY_UISupportedInterfaceOrientations_iPhone = "UIInterfaceOrientationPortrait UIInterfaceOrientationLandscapeLeft UIInterfaceOrientationLandscapeRight";
				LD_RUNPATH_SEARCH_PATHS = (
					"$(inherited)",
					"@executable_path/Frameworks",
				);
				MARKETING_VERSION = 1.0;
				PRODUCT_BUNDLE_IDENTIFIER = net.just1factory.SelfMadeGraphQLPractice;
				PRODUCT_NAME = "$(TARGET_NAME)";
				SWIFT_EMIT_LOC_STRINGS = YES;
				SWIFT_VERSION = 5.0;
				TARGETED_DEVICE_FAMILY = "1,2";
			};
			name = Debug;
		};
		DE0B8DD62A63BD9900ED79DC /* Release */ = {
			isa = XCBuildConfiguration;
			buildSettings = {
				ASSETCATALOG_COMPILER_APPICON_NAME = AppIcon;
				ASSETCATALOG_COMPILER_GLOBAL_ACCENT_COLOR_NAME = AccentColor;
				CODE_SIGN_STYLE = Automatic;
				CURRENT_PROJECT_VERSION = 1;
				DEVELOPMENT_ASSET_PATHS = "\"SelfMadeGraphQLPractice/Preview Content\"";
				DEVELOPMENT_TEAM = S5BF5553KY;
				ENABLE_PREVIEWS = YES;
				GENERATE_INFOPLIST_FILE = YES;
				INFOPLIST_KEY_UIApplicationSceneManifest_Generation = YES;
				INFOPLIST_KEY_UIApplicationSupportsIndirectInputEvents = YES;
				INFOPLIST_KEY_UILaunchScreen_Generation = YES;
				INFOPLIST_KEY_UISupportedInterfaceOrientations_iPad = "UIInterfaceOrientationPortrait UIInterfaceOrientationPortraitUpsideDown UIInterfaceOrientationLandscapeLeft UIInterfaceOrientationLandscapeRight";
				INFOPLIST_KEY_UISupportedInterfaceOrientations_iPhone = "UIInterfaceOrientationPortrait UIInterfaceOrientationLandscapeLeft UIInterfaceOrientationLandscapeRight";
				LD_RUNPATH_SEARCH_PATHS = (
					"$(inherited)",
					"@executable_path/Frameworks",
				);
				MARKETING_VERSION = 1.0;
				PRODUCT_BUNDLE_IDENTIFIER = net.just1factory.SelfMadeGraphQLPractice;
				PRODUCT_NAME = "$(TARGET_NAME)";
				SWIFT_EMIT_LOC_STRINGS = YES;
				SWIFT_VERSION = 5.0;
				TARGETED_DEVICE_FAMILY = "1,2";
			};
			name = Release;
		};
		DE0B8DD82A63BD9900ED79DC /* Debug */ = {
			isa = XCBuildConfiguration;
			buildSettings = {
				ALWAYS_EMBED_SWIFT_STANDARD_LIBRARIES = YES;
				BUNDLE_LOADER = "$(TEST_HOST)";
				CODE_SIGN_STYLE = Automatic;
				CURRENT_PROJECT_VERSION = 1;
				DEVELOPMENT_TEAM = S5BF5553KY;
				GENERATE_INFOPLIST_FILE = YES;
				IPHONEOS_DEPLOYMENT_TARGET = 16.4;
				MARKETING_VERSION = 1.0;
				PRODUCT_BUNDLE_IDENTIFIER = net.just1factory.SelfMadeGraphQLPracticeTests;
				PRODUCT_NAME = "$(TARGET_NAME)";
				SWIFT_EMIT_LOC_STRINGS = NO;
				SWIFT_VERSION = 5.0;
				TARGETED_DEVICE_FAMILY = "1,2";
				TEST_HOST = "$(BUILT_PRODUCTS_DIR)/SelfMadeGraphQLPractice.app/$(BUNDLE_EXECUTABLE_FOLDER_PATH)/SelfMadeGraphQLPractice";
			};
			name = Debug;
		};
		DE0B8DD92A63BD9900ED79DC /* Release */ = {
			isa = XCBuildConfiguration;
			buildSettings = {
				ALWAYS_EMBED_SWIFT_STANDARD_LIBRARIES = YES;
				BUNDLE_LOADER = "$(TEST_HOST)";
				CODE_SIGN_STYLE = Automatic;
				CURRENT_PROJECT_VERSION = 1;
				DEVELOPMENT_TEAM = S5BF5553KY;
				GENERATE_INFOPLIST_FILE = YES;
				IPHONEOS_DEPLOYMENT_TARGET = 16.4;
				MARKETING_VERSION = 1.0;
				PRODUCT_BUNDLE_IDENTIFIER = net.just1factory.SelfMadeGraphQLPracticeTests;
				PRODUCT_NAME = "$(TARGET_NAME)";
				SWIFT_EMIT_LOC_STRINGS = NO;
				SWIFT_VERSION = 5.0;
				TARGETED_DEVICE_FAMILY = "1,2";
				TEST_HOST = "$(BUILT_PRODUCTS_DIR)/SelfMadeGraphQLPractice.app/$(BUNDLE_EXECUTABLE_FOLDER_PATH)/SelfMadeGraphQLPractice";
			};
			name = Release;
		};
		DE0B8DDB2A63BD9900ED79DC /* Debug */ = {
			isa = XCBuildConfiguration;
			buildSettings = {
				ALWAYS_EMBED_SWIFT_STANDARD_LIBRARIES = YES;
				CODE_SIGN_STYLE = Automatic;
				CURRENT_PROJECT_VERSION = 1;
				DEVELOPMENT_TEAM = S5BF5553KY;
				GENERATE_INFOPLIST_FILE = YES;
				MARKETING_VERSION = 1.0;
				PRODUCT_BUNDLE_IDENTIFIER = net.just1factory.SelfMadeGraphQLPracticeUITests;
				PRODUCT_NAME = "$(TARGET_NAME)";
				SWIFT_EMIT_LOC_STRINGS = NO;
				SWIFT_VERSION = 5.0;
				TARGETED_DEVICE_FAMILY = "1,2";
				TEST_TARGET_NAME = SelfMadeGraphQLPractice;
			};
			name = Debug;
		};
		DE0B8DDC2A63BD9900ED79DC /* Release */ = {
			isa = XCBuildConfiguration;
			buildSettings = {
				ALWAYS_EMBED_SWIFT_STANDARD_LIBRARIES = YES;
				CODE_SIGN_STYLE = Automatic;
				CURRENT_PROJECT_VERSION = 1;
				DEVELOPMENT_TEAM = S5BF5553KY;
				GENERATE_INFOPLIST_FILE = YES;
				MARKETING_VERSION = 1.0;
				PRODUCT_BUNDLE_IDENTIFIER = net.just1factory.SelfMadeGraphQLPracticeUITests;
				PRODUCT_NAME = "$(TARGET_NAME)";
				SWIFT_EMIT_LOC_STRINGS = NO;
				SWIFT_VERSION = 5.0;
				TARGETED_DEVICE_FAMILY = "1,2";
				TEST_TARGET_NAME = SelfMadeGraphQLPractice;
			};
			name = Release;
		};
/* End XCBuildConfiguration section */

/* Begin XCConfigurationList section */
		DE0B8DAB2A63BD9800ED79DC /* Build configuration list for PBXProject "SelfMadeGraphQLPractice" */ = {
			isa = XCConfigurationList;
			buildConfigurations = (
				DE0B8DD22A63BD9900ED79DC /* Debug */,
				DE0B8DD32A63BD9900ED79DC /* Release */,
			);
			defaultConfigurationIsVisible = 0;
			defaultConfigurationName = Release;
		};
		DE0B8DD42A63BD9900ED79DC /* Build configuration list for PBXNativeTarget "SelfMadeGraphQLPractice" */ = {
			isa = XCConfigurationList;
			buildConfigurations = (
				DE0B8DD52A63BD9900ED79DC /* Debug */,
				DE0B8DD62A63BD9900ED79DC /* Release */,
			);
			defaultConfigurationIsVisible = 0;
			defaultConfigurationName = Release;
		};
		DE0B8DD72A63BD9900ED79DC /* Build configuration list for PBXNativeTarget "SelfMadeGraphQLPracticeTests" */ = {
			isa = XCConfigurationList;
			buildConfigurations = (
				DE0B8DD82A63BD9900ED79DC /* Debug */,
				DE0B8DD92A63BD9900ED79DC /* Release */,
			);
			defaultConfigurationIsVisible = 0;
			defaultConfigurationName = Release;
		};
		DE0B8DDA2A63BD9900ED79DC /* Build configuration list for PBXNativeTarget "SelfMadeGraphQLPracticeUITests" */ = {
			isa = XCConfigurationList;
			buildConfigurations = (
				DE0B8DDB2A63BD9900ED79DC /* Debug */,
				DE0B8DDC2A63BD9900ED79DC /* Release */,
			);
			defaultConfigurationIsVisible = 0;
			defaultConfigurationName = Release;
		};
/* End XCConfigurationList section */

/* Begin XCRemoteSwiftPackageReference section */
		DE1DF5F72A9C1644005490CE /* XCRemoteSwiftPackageReference "apollo-ios" */ = {
			isa = XCRemoteSwiftPackageReference;
			repositoryURL = "https://github.com/apollographql/apollo-ios.git";
			requirement = {
				kind = upToNextMajorVersion;
				minimumVersion = 1.0.0;
			};
		};
		DE1DF5FA2A9C1795005490CE /* XCRemoteSwiftPackageReference "SDWebImageSwiftUI" */ = {
			isa = XCRemoteSwiftPackageReference;
			repositoryURL = "https://github.com/SDWebImage/SDWebImageSwiftUI.git";
			requirement = {
				kind = upToNextMajorVersion;
				minimumVersion = 2.0.0;
			};
		};
		DE1DF5FD2A9C1827005490CE /* XCRemoteSwiftPackageReference "CombineExpectations" */ = {
			isa = XCRemoteSwiftPackageReference;
			repositoryURL = "https://github.com/groue/CombineExpectations.git";
			requirement = {
				branch = master;
				kind = branch;
			};
		};
		DE1DF6002A9C1892005490CE /* XCRemoteSwiftPackageReference "Quick" */ = {
			isa = XCRemoteSwiftPackageReference;
			repositoryURL = "https://github.com/Quick/Quick.git";
			requirement = {
				kind = upToNextMinorVersion;
				minimumVersion = 7.2.0;
			};
		};
		DE1DF6032A9C18D5005490CE /* XCRemoteSwiftPackageReference "Nimble" */ = {
			isa = XCRemoteSwiftPackageReference;
			repositoryURL = "https://github.com/Quick/Nimble.git";
			requirement = {
				kind = upToNextMinorVersion;
				minimumVersion = 12.2.0;
			};
		};
/* End XCRemoteSwiftPackageReference section */

/* Begin XCSwiftPackageProductDependency section */
		DE1DF5F82A9C1644005490CE /* Apollo */ = {
			isa = XCSwiftPackageProductDependency;
			package = DE1DF5F72A9C1644005490CE /* XCRemoteSwiftPackageReference "apollo-ios" */;
			productName = Apollo;
		};
		DE1DF5FB2A9C1795005490CE /* SDWebImageSwiftUI */ = {
			isa = XCSwiftPackageProductDependency;
			package = DE1DF5FA2A9C1795005490CE /* XCRemoteSwiftPackageReference "SDWebImageSwiftUI" */;
			productName = SDWebImageSwiftUI;
		};
		DE1DF6072A9C1970005490CE /* CombineExpectations */ = {
			isa = XCSwiftPackageProductDependency;
			package = DE1DF5FD2A9C1827005490CE /* XCRemoteSwiftPackageReference "CombineExpectations" */;
			productName = CombineExpectations;
		};
		DE1DF6092A9C1976005490CE /* Quick */ = {
			isa = XCSwiftPackageProductDependency;
			package = DE1DF6002A9C1892005490CE /* XCRemoteSwiftPackageReference "Quick" */;
			productName = Quick;
		};
		DE1DF60B2A9C197A005490CE /* Nimble */ = {
			isa = XCSwiftPackageProductDependency;
			package = DE1DF6032A9C18D5005490CE /* XCRemoteSwiftPackageReference "Nimble" */;
			productName = Nimble;
		};
/* End XCSwiftPackageProductDependency section */
	};
	rootObject = DE0B8DA82A63BD9800ED79DC /* Project object */;
}
