// !$*UTF8*$!
{
	archiveVersion = 1;
	classes = {
	};
	objectVersion = 56;
	objects = {

/* Begin PBXBuildFile section */
		DE625B362A62CA440005EE46 /* AppDelegate.swift in Sources */ = {isa = PBXBuildFile; fileRef = DE625B352A62CA440005EE46 /* AppDelegate.swift */; };
		DE625B382A62CA440005EE46 /* SceneDelegate.swift in Sources */ = {isa = PBXBuildFile; fileRef = DE625B372A62CA440005EE46 /* SceneDelegate.swift */; };
		DE625B3A2A62CA440005EE46 /* ViewController.swift in Sources */ = {isa = PBXBuildFile; fileRef = DE625B392A62CA440005EE46 /* ViewController.swift */; };
		DE625B3D2A62CA440005EE46 /* Main.storyboard in Resources */ = {isa = PBXBuildFile; fileRef = DE625B3B2A62CA440005EE46 /* Main.storyboard */; };
		DE625B3F2A62CA450005EE46 /* Assets.xcassets in Resources */ = {isa = PBXBuildFile; fileRef = DE625B3E2A62CA450005EE46 /* Assets.xcassets */; };
		DE625B422A62CA450005EE46 /* LaunchScreen.storyboard in Resources */ = {isa = PBXBuildFile; fileRef = DE625B402A62CA450005EE46 /* LaunchScreen.storyboard */; };
		DE625B4D2A62CA460005EE46 /* SelfMadeGraphQLPracticeTests.swift in Sources */ = {isa = PBXBuildFile; fileRef = DE625B4C2A62CA460005EE46 /* SelfMadeGraphQLPracticeTests.swift */; };
		DE625B572A62CA460005EE46 /* SelfMadeGraphQLPracticeUITests.swift in Sources */ = {isa = PBXBuildFile; fileRef = DE625B562A62CA460005EE46 /* SelfMadeGraphQLPracticeUITests.swift */; };
		DE625B592A62CA460005EE46 /* SelfMadeGraphQLPracticeUITestsLaunchTests.swift in Sources */ = {isa = PBXBuildFile; fileRef = DE625B582A62CA460005EE46 /* SelfMadeGraphQLPracticeUITestsLaunchTests.swift */; };
/* End PBXBuildFile section */

/* Begin PBXContainerItemProxy section */
		DE625B492A62CA460005EE46 /* PBXContainerItemProxy */ = {
			isa = PBXContainerItemProxy;
			containerPortal = DE625B2A2A62CA440005EE46 /* Project object */;
			proxyType = 1;
			remoteGlobalIDString = DE625B312A62CA440005EE46;
			remoteInfo = SelfMadeGraphQLPractice;
		};
		DE625B532A62CA460005EE46 /* PBXContainerItemProxy */ = {
			isa = PBXContainerItemProxy;
			containerPortal = DE625B2A2A62CA440005EE46 /* Project object */;
			proxyType = 1;
			remoteGlobalIDString = DE625B312A62CA440005EE46;
			remoteInfo = SelfMadeGraphQLPractice;
		};
/* End PBXContainerItemProxy section */

/* Begin PBXFileReference section */
		DE625B322A62CA440005EE46 /* SelfMadeGraphQLPractice.app */ = {isa = PBXFileReference; explicitFileType = wrapper.application; includeInIndex = 0; path = SelfMadeGraphQLPractice.app; sourceTree = BUILT_PRODUCTS_DIR; };
		DE625B352A62CA440005EE46 /* AppDelegate.swift */ = {isa = PBXFileReference; lastKnownFileType = sourcecode.swift; path = AppDelegate.swift; sourceTree = "<group>"; };
		DE625B372A62CA440005EE46 /* SceneDelegate.swift */ = {isa = PBXFileReference; lastKnownFileType = sourcecode.swift; path = SceneDelegate.swift; sourceTree = "<group>"; };
		DE625B392A62CA440005EE46 /* ViewController.swift */ = {isa = PBXFileReference; lastKnownFileType = sourcecode.swift; path = ViewController.swift; sourceTree = "<group>"; };
		DE625B3C2A62CA440005EE46 /* Base */ = {isa = PBXFileReference; lastKnownFileType = file.storyboard; name = Base; path = Base.lproj/Main.storyboard; sourceTree = "<group>"; };
		DE625B3E2A62CA450005EE46 /* Assets.xcassets */ = {isa = PBXFileReference; lastKnownFileType = folder.assetcatalog; path = Assets.xcassets; sourceTree = "<group>"; };
		DE625B412A62CA450005EE46 /* Base */ = {isa = PBXFileReference; lastKnownFileType = file.storyboard; name = Base; path = Base.lproj/LaunchScreen.storyboard; sourceTree = "<group>"; };
		DE625B432A62CA450005EE46 /* Info.plist */ = {isa = PBXFileReference; lastKnownFileType = text.plist.xml; path = Info.plist; sourceTree = "<group>"; };
		DE625B482A62CA450005EE46 /* SelfMadeGraphQLPracticeTests.xctest */ = {isa = PBXFileReference; explicitFileType = wrapper.cfbundle; includeInIndex = 0; path = SelfMadeGraphQLPracticeTests.xctest; sourceTree = BUILT_PRODUCTS_DIR; };
		DE625B4C2A62CA460005EE46 /* SelfMadeGraphQLPracticeTests.swift */ = {isa = PBXFileReference; lastKnownFileType = sourcecode.swift; path = SelfMadeGraphQLPracticeTests.swift; sourceTree = "<group>"; };
		DE625B522A62CA460005EE46 /* SelfMadeGraphQLPracticeUITests.xctest */ = {isa = PBXFileReference; explicitFileType = wrapper.cfbundle; includeInIndex = 0; path = SelfMadeGraphQLPracticeUITests.xctest; sourceTree = BUILT_PRODUCTS_DIR; };
		DE625B562A62CA460005EE46 /* SelfMadeGraphQLPracticeUITests.swift */ = {isa = PBXFileReference; lastKnownFileType = sourcecode.swift; path = SelfMadeGraphQLPracticeUITests.swift; sourceTree = "<group>"; };
		DE625B582A62CA460005EE46 /* SelfMadeGraphQLPracticeUITestsLaunchTests.swift */ = {isa = PBXFileReference; lastKnownFileType = sourcecode.swift; path = SelfMadeGraphQLPracticeUITestsLaunchTests.swift; sourceTree = "<group>"; };
/* End PBXFileReference section */

/* Begin PBXFrameworksBuildPhase section */
		DE625B2F2A62CA440005EE46 /* Frameworks */ = {
			isa = PBXFrameworksBuildPhase;
			buildActionMask = 2147483647;
			files = (
			);
			runOnlyForDeploymentPostprocessing = 0;
		};
		DE625B452A62CA450005EE46 /* Frameworks */ = {
			isa = PBXFrameworksBuildPhase;
			buildActionMask = 2147483647;
			files = (
			);
			runOnlyForDeploymentPostprocessing = 0;
		};
		DE625B4F2A62CA460005EE46 /* Frameworks */ = {
			isa = PBXFrameworksBuildPhase;
			buildActionMask = 2147483647;
			files = (
			);
			runOnlyForDeploymentPostprocessing = 0;
		};
/* End PBXFrameworksBuildPhase section */

/* Begin PBXGroup section */
		DE625B292A62CA440005EE46 = {
			isa = PBXGroup;
			children = (
				DE625B342A62CA440005EE46 /* SelfMadeGraphQLPractice */,
				DE625B4B2A62CA460005EE46 /* SelfMadeGraphQLPracticeTests */,
				DE625B552A62CA460005EE46 /* SelfMadeGraphQLPracticeUITests */,
				DE625B332A62CA440005EE46 /* Products */,
			);
			sourceTree = "<group>";
		};
		DE625B332A62CA440005EE46 /* Products */ = {
			isa = PBXGroup;
			children = (
				DE625B322A62CA440005EE46 /* SelfMadeGraphQLPractice.app */,
				DE625B482A62CA450005EE46 /* SelfMadeGraphQLPracticeTests.xctest */,
				DE625B522A62CA460005EE46 /* SelfMadeGraphQLPracticeUITests.xctest */,
			);
			name = Products;
			sourceTree = "<group>";
		};
		DE625B342A62CA440005EE46 /* SelfMadeGraphQLPractice */ = {
			isa = PBXGroup;
			children = (
				DE625B352A62CA440005EE46 /* AppDelegate.swift */,
				DE625B372A62CA440005EE46 /* SceneDelegate.swift */,
				DE625B392A62CA440005EE46 /* ViewController.swift */,
				DE625B3B2A62CA440005EE46 /* Main.storyboard */,
				DE625B3E2A62CA450005EE46 /* Assets.xcassets */,
				DE625B402A62CA450005EE46 /* LaunchScreen.storyboard */,
				DE625B432A62CA450005EE46 /* Info.plist */,
			);
			path = SelfMadeGraphQLPractice;
			sourceTree = "<group>";
		};
		DE625B4B2A62CA460005EE46 /* SelfMadeGraphQLPracticeTests */ = {
			isa = PBXGroup;
			children = (
				DE625B4C2A62CA460005EE46 /* SelfMadeGraphQLPracticeTests.swift */,
			);
			path = SelfMadeGraphQLPracticeTests;
			sourceTree = "<group>";
		};
		DE625B552A62CA460005EE46 /* SelfMadeGraphQLPracticeUITests */ = {
			isa = PBXGroup;
			children = (
				DE625B562A62CA460005EE46 /* SelfMadeGraphQLPracticeUITests.swift */,
				DE625B582A62CA460005EE46 /* SelfMadeGraphQLPracticeUITestsLaunchTests.swift */,
			);
			path = SelfMadeGraphQLPracticeUITests;
			sourceTree = "<group>";
		};
/* End PBXGroup section */

/* Begin PBXNativeTarget section */
		DE625B312A62CA440005EE46 /* SelfMadeGraphQLPractice */ = {
			isa = PBXNativeTarget;
			buildConfigurationList = DE625B5C2A62CA460005EE46 /* Build configuration list for PBXNativeTarget "SelfMadeGraphQLPractice" */;
			buildPhases = (
				DE625B2E2A62CA440005EE46 /* Sources */,
				DE625B2F2A62CA440005EE46 /* Frameworks */,
				DE625B302A62CA440005EE46 /* Resources */,
			);
			buildRules = (
			);
			dependencies = (
			);
			name = SelfMadeGraphQLPractice;
			productName = SelfMadeGraphQLPractice;
			productReference = DE625B322A62CA440005EE46 /* SelfMadeGraphQLPractice.app */;
			productType = "com.apple.product-type.application";
		};
		DE625B472A62CA450005EE46 /* SelfMadeGraphQLPracticeTests */ = {
			isa = PBXNativeTarget;
			buildConfigurationList = DE625B5F2A62CA460005EE46 /* Build configuration list for PBXNativeTarget "SelfMadeGraphQLPracticeTests" */;
			buildPhases = (
				DE625B442A62CA450005EE46 /* Sources */,
				DE625B452A62CA450005EE46 /* Frameworks */,
				DE625B462A62CA450005EE46 /* Resources */,
			);
			buildRules = (
			);
			dependencies = (
				DE625B4A2A62CA460005EE46 /* PBXTargetDependency */,
			);
			name = SelfMadeGraphQLPracticeTests;
			productName = SelfMadeGraphQLPracticeTests;
			productReference = DE625B482A62CA450005EE46 /* SelfMadeGraphQLPracticeTests.xctest */;
			productType = "com.apple.product-type.bundle.unit-test";
		};
		DE625B512A62CA460005EE46 /* SelfMadeGraphQLPracticeUITests */ = {
			isa = PBXNativeTarget;
			buildConfigurationList = DE625B622A62CA460005EE46 /* Build configuration list for PBXNativeTarget "SelfMadeGraphQLPracticeUITests" */;
			buildPhases = (
				DE625B4E2A62CA460005EE46 /* Sources */,
				DE625B4F2A62CA460005EE46 /* Frameworks */,
				DE625B502A62CA460005EE46 /* Resources */,
			);
			buildRules = (
			);
			dependencies = (
				DE625B542A62CA460005EE46 /* PBXTargetDependency */,
			);
			name = SelfMadeGraphQLPracticeUITests;
			productName = SelfMadeGraphQLPracticeUITests;
			productReference = DE625B522A62CA460005EE46 /* SelfMadeGraphQLPracticeUITests.xctest */;
			productType = "com.apple.product-type.bundle.ui-testing";
		};
/* End PBXNativeTarget section */

/* Begin PBXProject section */
		DE625B2A2A62CA440005EE46 /* Project object */ = {
			isa = PBXProject;
			attributes = {
				BuildIndependentTargetsInParallel = 1;
				LastSwiftUpdateCheck = 1430;
				LastUpgradeCheck = 1430;
				TargetAttributes = {
					DE625B312A62CA440005EE46 = {
						CreatedOnToolsVersion = 14.3.1;
					};
					DE625B472A62CA450005EE46 = {
						CreatedOnToolsVersion = 14.3.1;
						TestTargetID = DE625B312A62CA440005EE46;
					};
					DE625B512A62CA460005EE46 = {
						CreatedOnToolsVersion = 14.3.1;
						TestTargetID = DE625B312A62CA440005EE46;
					};
				};
			};
			buildConfigurationList = DE625B2D2A62CA440005EE46 /* Build configuration list for PBXProject "SelfMadeGraphQLPractice" */;
			compatibilityVersion = "Xcode 14.0";
			developmentRegion = en;
			hasScannedForEncodings = 0;
			knownRegions = (
				en,
				Base,
			);
			mainGroup = DE625B292A62CA440005EE46;
			productRefGroup = DE625B332A62CA440005EE46 /* Products */;
			projectDirPath = "";
			projectRoot = "";
			targets = (
				DE625B312A62CA440005EE46 /* SelfMadeGraphQLPractice */,
				DE625B472A62CA450005EE46 /* SelfMadeGraphQLPracticeTests */,
				DE625B512A62CA460005EE46 /* SelfMadeGraphQLPracticeUITests */,
			);
		};
/* End PBXProject section */

/* Begin PBXResourcesBuildPhase section */
		DE625B302A62CA440005EE46 /* Resources */ = {
			isa = PBXResourcesBuildPhase;
			buildActionMask = 2147483647;
			files = (
				DE625B422A62CA450005EE46 /* LaunchScreen.storyboard in Resources */,
				DE625B3F2A62CA450005EE46 /* Assets.xcassets in Resources */,
				DE625B3D2A62CA440005EE46 /* Main.storyboard in Resources */,
			);
			runOnlyForDeploymentPostprocessing = 0;
		};
		DE625B462A62CA450005EE46 /* Resources */ = {
			isa = PBXResourcesBuildPhase;
			buildActionMask = 2147483647;
			files = (
			);
			runOnlyForDeploymentPostprocessing = 0;
		};
		DE625B502A62CA460005EE46 /* Resources */ = {
			isa = PBXResourcesBuildPhase;
			buildActionMask = 2147483647;
			files = (
			);
			runOnlyForDeploymentPostprocessing = 0;
		};
/* End PBXResourcesBuildPhase section */

/* Begin PBXSourcesBuildPhase section */
		DE625B2E2A62CA440005EE46 /* Sources */ = {
			isa = PBXSourcesBuildPhase;
			buildActionMask = 2147483647;
			files = (
				DE625B3A2A62CA440005EE46 /* ViewController.swift in Sources */,
				DE625B362A62CA440005EE46 /* AppDelegate.swift in Sources */,
				DE625B382A62CA440005EE46 /* SceneDelegate.swift in Sources */,
			);
			runOnlyForDeploymentPostprocessing = 0;
		};
		DE625B442A62CA450005EE46 /* Sources */ = {
			isa = PBXSourcesBuildPhase;
			buildActionMask = 2147483647;
			files = (
				DE625B4D2A62CA460005EE46 /* SelfMadeGraphQLPracticeTests.swift in Sources */,
			);
			runOnlyForDeploymentPostprocessing = 0;
		};
		DE625B4E2A62CA460005EE46 /* Sources */ = {
			isa = PBXSourcesBuildPhase;
			buildActionMask = 2147483647;
			files = (
				DE625B592A62CA460005EE46 /* SelfMadeGraphQLPracticeUITestsLaunchTests.swift in Sources */,
				DE625B572A62CA460005EE46 /* SelfMadeGraphQLPracticeUITests.swift in Sources */,
			);
			runOnlyForDeploymentPostprocessing = 0;
		};
/* End PBXSourcesBuildPhase section */

/* Begin PBXTargetDependency section */
		DE625B4A2A62CA460005EE46 /* PBXTargetDependency */ = {
			isa = PBXTargetDependency;
			target = DE625B312A62CA440005EE46 /* SelfMadeGraphQLPractice */;
			targetProxy = DE625B492A62CA460005EE46 /* PBXContainerItemProxy */;
		};
		DE625B542A62CA460005EE46 /* PBXTargetDependency */ = {
			isa = PBXTargetDependency;
			target = DE625B312A62CA440005EE46 /* SelfMadeGraphQLPractice */;
			targetProxy = DE625B532A62CA460005EE46 /* PBXContainerItemProxy */;
		};
/* End PBXTargetDependency section */

/* Begin PBXVariantGroup section */
		DE625B3B2A62CA440005EE46 /* Main.storyboard */ = {
			isa = PBXVariantGroup;
			children = (
				DE625B3C2A62CA440005EE46 /* Base */,
			);
			name = Main.storyboard;
			sourceTree = "<group>";
		};
		DE625B402A62CA450005EE46 /* LaunchScreen.storyboard */ = {
			isa = PBXVariantGroup;
			children = (
				DE625B412A62CA450005EE46 /* Base */,
			);
			name = LaunchScreen.storyboard;
			sourceTree = "<group>";
		};
/* End PBXVariantGroup section */

/* Begin XCBuildConfiguration section */
		DE625B5A2A62CA460005EE46 /* Debug */ = {
			isa = XCBuildConfiguration;
			buildSettings = {
				ALWAYS_SEARCH_USER_PATHS = NO;
				CLANG_ANALYZER_NONNULL = YES;
				CLANG_ANALYZER_NUMBER_OBJECT_CONVERSION = YES_AGGRESSIVE;
				CLANG_CXX_LANGUAGE_STANDARD = "gnu++20";
				CLANG_ENABLE_MODULES = YES;
				CLANG_ENABLE_OBJC_ARC = YES;
				CLANG_ENABLE_OBJC_WEAK = YES;
				CLANG_WARN_BLOCK_CAPTURE_AUTORELEASING = YES;
				CLANG_WARN_BOOL_CONVERSION = YES;
				CLANG_WARN_COMMA = YES;
				CLANG_WARN_CONSTANT_CONVERSION = YES;
				CLANG_WARN_DEPRECATED_OBJC_IMPLEMENTATIONS = YES;
				CLANG_WARN_DIRECT_OBJC_ISA_USAGE = YES_ERROR;
				CLANG_WARN_DOCUMENTATION_COMMENTS = YES;
				CLANG_WARN_EMPTY_BODY = YES;
				CLANG_WARN_ENUM_CONVERSION = YES;
				CLANG_WARN_INFINITE_RECURSION = YES;
				CLANG_WARN_INT_CONVERSION = YES;
				CLANG_WARN_NON_LITERAL_NULL_CONVERSION = YES;
				CLANG_WARN_OBJC_IMPLICIT_RETAIN_SELF = YES;
				CLANG_WARN_OBJC_LITERAL_CONVERSION = YES;
				CLANG_WARN_OBJC_ROOT_CLASS = YES_ERROR;
				CLANG_WARN_QUOTED_INCLUDE_IN_FRAMEWORK_HEADER = YES;
				CLANG_WARN_RANGE_LOOP_ANALYSIS = YES;
				CLANG_WARN_STRICT_PROTOTYPES = YES;
				CLANG_WARN_SUSPICIOUS_MOVE = YES;
				CLANG_WARN_UNGUARDED_AVAILABILITY = YES_AGGRESSIVE;
				CLANG_WARN_UNREACHABLE_CODE = YES;
				CLANG_WARN__DUPLICATE_METHOD_MATCH = YES;
				COPY_PHASE_STRIP = NO;
				DEBUG_INFORMATION_FORMAT = dwarf;
				ENABLE_STRICT_OBJC_MSGSEND = YES;
				ENABLE_TESTABILITY = YES;
				GCC_C_LANGUAGE_STANDARD = gnu11;
				GCC_DYNAMIC_NO_PIC = NO;
				GCC_NO_COMMON_BLOCKS = YES;
				GCC_OPTIMIZATION_LEVEL = 0;
				GCC_PREPROCESSOR_DEFINITIONS = (
					"DEBUG=1",
					"$(inherited)",
				);
				GCC_WARN_64_TO_32_BIT_CONVERSION = YES;
				GCC_WARN_ABOUT_RETURN_TYPE = YES_ERROR;
				GCC_WARN_UNDECLARED_SELECTOR = YES;
				GCC_WARN_UNINITIALIZED_AUTOS = YES_AGGRESSIVE;
				GCC_WARN_UNUSED_FUNCTION = YES;
				GCC_WARN_UNUSED_VARIABLE = YES;
				IPHONEOS_DEPLOYMENT_TARGET = 16.4;
				MTL_ENABLE_DEBUG_INFO = INCLUDE_SOURCE;
				MTL_FAST_MATH = YES;
				ONLY_ACTIVE_ARCH = YES;
				SDKROOT = iphoneos;
				SWIFT_ACTIVE_COMPILATION_CONDITIONS = DEBUG;
				SWIFT_OPTIMIZATION_LEVEL = "-Onone";
			};
			name = Debug;
		};
		DE625B5B2A62CA460005EE46 /* Release */ = {
			isa = XCBuildConfiguration;
			buildSettings = {
				ALWAYS_SEARCH_USER_PATHS = NO;
				CLANG_ANALYZER_NONNULL = YES;
				CLANG_ANALYZER_NUMBER_OBJECT_CONVERSION = YES_AGGRESSIVE;
				CLANG_CXX_LANGUAGE_STANDARD = "gnu++20";
				CLANG_ENABLE_MODULES = YES;
				CLANG_ENABLE_OBJC_ARC = YES;
				CLANG_ENABLE_OBJC_WEAK = YES;
				CLANG_WARN_BLOCK_CAPTURE_AUTORELEASING = YES;
				CLANG_WARN_BOOL_CONVERSION = YES;
				CLANG_WARN_COMMA = YES;
				CLANG_WARN_CONSTANT_CONVERSION = YES;
				CLANG_WARN_DEPRECATED_OBJC_IMPLEMENTATIONS = YES;
				CLANG_WARN_DIRECT_OBJC_ISA_USAGE = YES_ERROR;
				CLANG_WARN_DOCUMENTATION_COMMENTS = YES;
				CLANG_WARN_EMPTY_BODY = YES;
				CLANG_WARN_ENUM_CONVERSION = YES;
				CLANG_WARN_INFINITE_RECURSION = YES;
				CLANG_WARN_INT_CONVERSION = YES;
				CLANG_WARN_NON_LITERAL_NULL_CONVERSION = YES;
				CLANG_WARN_OBJC_IMPLICIT_RETAIN_SELF = YES;
				CLANG_WARN_OBJC_LITERAL_CONVERSION = YES;
				CLANG_WARN_OBJC_ROOT_CLASS = YES_ERROR;
				CLANG_WARN_QUOTED_INCLUDE_IN_FRAMEWORK_HEADER = YES;
				CLANG_WARN_RANGE_LOOP_ANALYSIS = YES;
				CLANG_WARN_STRICT_PROTOTYPES = YES;
				CLANG_WARN_SUSPICIOUS_MOVE = YES;
				CLANG_WARN_UNGUARDED_AVAILABILITY = YES_AGGRESSIVE;
				CLANG_WARN_UNREACHABLE_CODE = YES;
				CLANG_WARN__DUPLICATE_METHOD_MATCH = YES;
				COPY_PHASE_STRIP = NO;
				DEBUG_INFORMATION_FORMAT = "dwarf-with-dsym";
				ENABLE_NS_ASSERTIONS = NO;
				ENABLE_STRICT_OBJC_MSGSEND = YES;
				GCC_C_LANGUAGE_STANDARD = gnu11;
				GCC_NO_COMMON_BLOCKS = YES;
				GCC_WARN_64_TO_32_BIT_CONVERSION = YES;
				GCC_WARN_ABOUT_RETURN_TYPE = YES_ERROR;
				GCC_WARN_UNDECLARED_SELECTOR = YES;
				GCC_WARN_UNINITIALIZED_AUTOS = YES_AGGRESSIVE;
				GCC_WARN_UNUSED_FUNCTION = YES;
				GCC_WARN_UNUSED_VARIABLE = YES;
				IPHONEOS_DEPLOYMENT_TARGET = 16.4;
				MTL_ENABLE_DEBUG_INFO = NO;
				MTL_FAST_MATH = YES;
				SDKROOT = iphoneos;
				SWIFT_COMPILATION_MODE = wholemodule;
				SWIFT_OPTIMIZATION_LEVEL = "-O";
				VALIDATE_PRODUCT = YES;
			};
			name = Release;
		};
		DE625B5D2A62CA460005EE46 /* Debug */ = {
			isa = XCBuildConfiguration;
			buildSettings = {
				ASSETCATALOG_COMPILER_APPICON_NAME = AppIcon;
				ASSETCATALOG_COMPILER_GLOBAL_ACCENT_COLOR_NAME = AccentColor;
				CODE_SIGN_STYLE = Automatic;
				CURRENT_PROJECT_VERSION = 1;
				DEVELOPMENT_TEAM = S5BF5553KY;
				GENERATE_INFOPLIST_FILE = YES;
				INFOPLIST_FILE = SelfMadeGraphQLPractice/Info.plist;
				INFOPLIST_KEY_UIApplicationSupportsIndirectInputEvents = YES;
				INFOPLIST_KEY_UILaunchStoryboardName = LaunchScreen;
				INFOPLIST_KEY_UIMainStoryboardFile = Main;
				INFOPLIST_KEY_UISupportedInterfaceOrientations_iPad = "UIInterfaceOrientationPortrait UIInterfaceOrientationPortraitUpsideDown UIInterfaceOrientationLandscapeLeft UIInterfaceOrientationLandscapeRight";
				INFOPLIST_KEY_UISupportedInterfaceOrientations_iPhone = "UIInterfaceOrientationPortrait UIInterfaceOrientationLandscapeLeft UIInterfaceOrientationLandscapeRight";
				LD_RUNPATH_SEARCH_PATHS = (
					"$(inherited)",
					"@executable_path/Frameworks",
				);
				MARKETING_VERSION = 1.0;
				PRODUCT_BUNDLE_IDENTIFIER = net.just1factory.SelfMadeGraphQLPractice;
				PRODUCT_NAME = "$(TARGET_NAME)";
				SWIFT_EMIT_LOC_STRINGS = YES;
				SWIFT_VERSION = 5.0;
				TARGETED_DEVICE_FAMILY = "1,2";
			};
			name = Debug;
		};
		DE625B5E2A62CA460005EE46 /* Release */ = {
			isa = XCBuildConfiguration;
			buildSettings = {
				ASSETCATALOG_COMPILER_APPICON_NAME = AppIcon;
				ASSETCATALOG_COMPILER_GLOBAL_ACCENT_COLOR_NAME = AccentColor;
				CODE_SIGN_STYLE = Automatic;
				CURRENT_PROJECT_VERSION = 1;
				DEVELOPMENT_TEAM = S5BF5553KY;
				GENERATE_INFOPLIST_FILE = YES;
				INFOPLIST_FILE = SelfMadeGraphQLPractice/Info.plist;
				INFOPLIST_KEY_UIApplicationSupportsIndirectInputEvents = YES;
				INFOPLIST_KEY_UILaunchStoryboardName = LaunchScreen;
				INFOPLIST_KEY_UIMainStoryboardFile = Main;
				INFOPLIST_KEY_UISupportedInterfaceOrientations_iPad = "UIInterfaceOrientationPortrait UIInterfaceOrientationPortraitUpsideDown UIInterfaceOrientationLandscapeLeft UIInterfaceOrientationLandscapeRight";
				INFOPLIST_KEY_UISupportedInterfaceOrientations_iPhone = "UIInterfaceOrientationPortrait UIInterfaceOrientationLandscapeLeft UIInterfaceOrientationLandscapeRight";
				LD_RUNPATH_SEARCH_PATHS = (
					"$(inherited)",
					"@executable_path/Frameworks",
				);
				MARKETING_VERSION = 1.0;
				PRODUCT_BUNDLE_IDENTIFIER = net.just1factory.SelfMadeGraphQLPractice;
				PRODUCT_NAME = "$(TARGET_NAME)";
				SWIFT_EMIT_LOC_STRINGS = YES;
				SWIFT_VERSION = 5.0;
				TARGETED_DEVICE_FAMILY = "1,2";
			};
			name = Release;
		};
		DE625B602A62CA460005EE46 /* Debug */ = {
			isa = XCBuildConfiguration;
			buildSettings = {
				ALWAYS_EMBED_SWIFT_STANDARD_LIBRARIES = YES;
				BUNDLE_LOADER = "$(TEST_HOST)";
				CODE_SIGN_STYLE = Automatic;
				CURRENT_PROJECT_VERSION = 1;
				DEVELOPMENT_TEAM = S5BF5553KY;
				GENERATE_INFOPLIST_FILE = YES;
				IPHONEOS_DEPLOYMENT_TARGET = 16.4;
				MARKETING_VERSION = 1.0;
				PRODUCT_BUNDLE_IDENTIFIER = net.just1factory.SelfMadeGraphQLPracticeTests;
				PRODUCT_NAME = "$(TARGET_NAME)";
				SWIFT_EMIT_LOC_STRINGS = NO;
				SWIFT_VERSION = 5.0;
				TARGETED_DEVICE_FAMILY = "1,2";
				TEST_HOST = "$(BUILT_PRODUCTS_DIR)/SelfMadeGraphQLPractice.app/$(BUNDLE_EXECUTABLE_FOLDER_PATH)/SelfMadeGraphQLPractice";
			};
			name = Debug;
		};
		DE625B612A62CA460005EE46 /* Release */ = {
			isa = XCBuildConfiguration;
			buildSettings = {
				ALWAYS_EMBED_SWIFT_STANDARD_LIBRARIES = YES;
				BUNDLE_LOADER = "$(TEST_HOST)";
				CODE_SIGN_STYLE = Automatic;
				CURRENT_PROJECT_VERSION = 1;
				DEVELOPMENT_TEAM = S5BF5553KY;
				GENERATE_INFOPLIST_FILE = YES;
				IPHONEOS_DEPLOYMENT_TARGET = 16.4;
				MARKETING_VERSION = 1.0;
				PRODUCT_BUNDLE_IDENTIFIER = net.just1factory.SelfMadeGraphQLPracticeTests;
				PRODUCT_NAME = "$(TARGET_NAME)";
				SWIFT_EMIT_LOC_STRINGS = NO;
				SWIFT_VERSION = 5.0;
				TARGETED_DEVICE_FAMILY = "1,2";
				TEST_HOST = "$(BUILT_PRODUCTS_DIR)/SelfMadeGraphQLPractice.app/$(BUNDLE_EXECUTABLE_FOLDER_PATH)/SelfMadeGraphQLPractice";
			};
			name = Release;
		};
		DE625B632A62CA460005EE46 /* Debug */ = {
			isa = XCBuildConfiguration;
			buildSettings = {
				ALWAYS_EMBED_SWIFT_STANDARD_LIBRARIES = YES;
				CODE_SIGN_STYLE = Automatic;
				CURRENT_PROJECT_VERSION = 1;
				DEVELOPMENT_TEAM = S5BF5553KY;
				GENERATE_INFOPLIST_FILE = YES;
				MARKETING_VERSION = 1.0;
				PRODUCT_BUNDLE_IDENTIFIER = net.just1factory.SelfMadeGraphQLPracticeUITests;
				PRODUCT_NAME = "$(TARGET_NAME)";
				SWIFT_EMIT_LOC_STRINGS = NO;
				SWIFT_VERSION = 5.0;
				TARGETED_DEVICE_FAMILY = "1,2";
				TEST_TARGET_NAME = SelfMadeGraphQLPractice;
			};
			name = Debug;
		};
		DE625B642A62CA460005EE46 /* Release */ = {
			isa = XCBuildConfiguration;
			buildSettings = {
				ALWAYS_EMBED_SWIFT_STANDARD_LIBRARIES = YES;
				CODE_SIGN_STYLE = Automatic;
				CURRENT_PROJECT_VERSION = 1;
				DEVELOPMENT_TEAM = S5BF5553KY;
				GENERATE_INFOPLIST_FILE = YES;
				MARKETING_VERSION = 1.0;
				PRODUCT_BUNDLE_IDENTIFIER = net.just1factory.SelfMadeGraphQLPracticeUITests;
				PRODUCT_NAME = "$(TARGET_NAME)";
				SWIFT_EMIT_LOC_STRINGS = NO;
				SWIFT_VERSION = 5.0;
				TARGETED_DEVICE_FAMILY = "1,2";
				TEST_TARGET_NAME = SelfMadeGraphQLPractice;
			};
			name = Release;
		};
/* End XCBuildConfiguration section */

/* Begin XCConfigurationList section */
		DE625B2D2A62CA440005EE46 /* Build configuration list for PBXProject "SelfMadeGraphQLPractice" */ = {
			isa = XCConfigurationList;
			buildConfigurations = (
				DE625B5A2A62CA460005EE46 /* Debug */,
				DE625B5B2A62CA460005EE46 /* Release */,
			);
			defaultConfigurationIsVisible = 0;
			defaultConfigurationName = Release;
		};
		DE625B5C2A62CA460005EE46 /* Build configuration list for PBXNativeTarget "SelfMadeGraphQLPractice" */ = {
			isa = XCConfigurationList;
			buildConfigurations = (
				DE625B5D2A62CA460005EE46 /* Debug */,
				DE625B5E2A62CA460005EE46 /* Release */,
			);
			defaultConfigurationIsVisible = 0;
			defaultConfigurationName = Release;
		};
		DE625B5F2A62CA460005EE46 /* Build configuration list for PBXNativeTarget "SelfMadeGraphQLPracticeTests" */ = {
			isa = XCConfigurationList;
			buildConfigurations = (
				DE625B602A62CA460005EE46 /* Debug */,
				DE625B612A62CA460005EE46 /* Release */,
			);
			defaultConfigurationIsVisible = 0;
			defaultConfigurationName = Release;
		};
		DE625B622A62CA460005EE46 /* Build configuration list for PBXNativeTarget "SelfMadeGraphQLPracticeUITests" */ = {
			isa = XCConfigurationList;
			buildConfigurations = (
				DE625B632A62CA460005EE46 /* Debug */,
				DE625B642A62CA460005EE46 /* Release */,
			);
			defaultConfigurationIsVisible = 0;
			defaultConfigurationName = Release;
		};
/* End XCConfigurationList section */
	};
	rootObject = DE625B2A2A62CA440005EE46 /* Project object */;
}
