// !$*UTF8*$!
{
	archiveVersion = 1;
	classes = {
	};
	objectVersion = 56;
	objects = {

/* Begin PBXBuildFile section */
		DE0B8DE22A72A8D600ED79DC /* GraphQLClient.swift in Sources */ = {isa = PBXBuildFile; fileRef = DE0B8DE12A72A8D600ED79DC /* GraphQLClient.swift */; };
		DE0B8DE42A7BD4B400ED79DC /* schema.json in Resources */ = {isa = PBXBuildFile; fileRef = DE0B8DE32A7BD4B400ED79DC /* schema.json */; };
		DE0B8DE72A7BDA0600ED79DC /* GetAllCountries.graphql in Resources */ = {isa = PBXBuildFile; fileRef = DE0B8DE62A7BDA0600ED79DC /* GetAllCountries.graphql */; };
		DE0B8E102A7D469E00ED79DC /* CountriesSchema.graphql.swift in Sources */ = {isa = PBXBuildFile; fileRef = DE0B8E042A7D469E00ED79DC /* CountriesSchema.graphql.swift */; };
		DE0B8E112A7D469E00ED79DC /* GetAllCountriesQuery.graphql.swift in Sources */ = {isa = PBXBuildFile; fileRef = DE0B8E072A7D469E00ED79DC /* GetAllCountriesQuery.graphql.swift */; };
		DE0B8E122A7D469E00ED79DC /* Query.graphql.swift in Sources */ = {isa = PBXBuildFile; fileRef = DE0B8E0A2A7D469E00ED79DC /* Query.graphql.swift */; };
		DE0B8E132A7D469E00ED79DC /* Language.graphql.swift in Sources */ = {isa = PBXBuildFile; fileRef = DE0B8E0B2A7D469E00ED79DC /* Language.graphql.swift */; };
		DE0B8E142A7D469E00ED79DC /* Country.graphql.swift in Sources */ = {isa = PBXBuildFile; fileRef = DE0B8E0C2A7D469E00ED79DC /* Country.graphql.swift */; };
		DE0B8E152A7D469E00ED79DC /* Continent.graphql.swift in Sources */ = {isa = PBXBuildFile; fileRef = DE0B8E0D2A7D469E00ED79DC /* Continent.graphql.swift */; };
		DE0B8E162A7D469E00ED79DC /* SchemaConfiguration.swift in Sources */ = {isa = PBXBuildFile; fileRef = DE0B8E0E2A7D469E00ED79DC /* SchemaConfiguration.swift */; };
		DE0B8E172A7D469E00ED79DC /* SchemaMetadata.graphql.swift in Sources */ = {isa = PBXBuildFile; fileRef = DE0B8E0F2A7D469E00ED79DC /* SchemaMetadata.graphql.swift */; };
		DE0B8E1D2A7DA28500ED79DC /* GetCountryByCode.graphql in Resources */ = {isa = PBXBuildFile; fileRef = DE0B8E1C2A7DA28500ED79DC /* GetCountryByCode.graphql */; };
		DE0B8E1F2A7DA2E200ED79DC /* GetCountryByCodeQuery.graphql.swift in Sources */ = {isa = PBXBuildFile; fileRef = DE0B8E1E2A7DA2E200ED79DC /* GetCountryByCodeQuery.graphql.swift */; };
		DE0B8E212A7DA31100ED79DC /* Subdivision.graphql.swift in Sources */ = {isa = PBXBuildFile; fileRef = DE0B8E202A7DA31100ED79DC /* Subdivision.graphql.swift */; };
		DE0B8E242A7EF4EB00ED79DC /* CountryListEntity.swift in Sources */ = {isa = PBXBuildFile; fileRef = DE0B8E232A7EF4EB00ED79DC /* CountryListEntity.swift */; };
		DE0B8E262A7EF4F900ED79DC /* CountryDetailEntity.swift in Sources */ = {isa = PBXBuildFile; fileRef = DE0B8E252A7EF4F900ED79DC /* CountryDetailEntity.swift */; };
		DE0B8E282A82FCC000ED79DC /* CountryListRepository.swift in Sources */ = {isa = PBXBuildFile; fileRef = DE0B8E272A82FCC000ED79DC /* CountryListRepository.swift */; };
		DE0B8E2A2A83003000ED79DC /* ApolloClientExtension.swift in Sources */ = {isa = PBXBuildFile; fileRef = DE0B8E292A83003000ED79DC /* ApolloClientExtension.swift */; };
		DE0B8E2E2A8725BF00ED79DC /* CountryListViewModel.swift in Sources */ = {isa = PBXBuildFile; fileRef = DE0B8E2D2A8725BF00ED79DC /* CountryListViewModel.swift */; };
		DE0B8E362A87496000ED79DC /* CountryListRequest.swift in Sources */ = {isa = PBXBuildFile; fileRef = DE0B8E352A87496000ED79DC /* CountryListRequest.swift */; };
		DE6259EE2A3B643C0005EE46 /* SimpleGraphQLPracticeApp.swift in Sources */ = {isa = PBXBuildFile; fileRef = DE6259ED2A3B643C0005EE46 /* SimpleGraphQLPracticeApp.swift */; };
		DE6259F22A3B643D0005EE46 /* Assets.xcassets in Resources */ = {isa = PBXBuildFile; fileRef = DE6259F12A3B643D0005EE46 /* Assets.xcassets */; };
		DE6259F52A3B643D0005EE46 /* Preview Assets.xcassets in Resources */ = {isa = PBXBuildFile; fileRef = DE6259F42A3B643D0005EE46 /* Preview Assets.xcassets */; };
		DE6259FF2A3B643D0005EE46 /* SimpleGraphQLPracticeTests.swift in Sources */ = {isa = PBXBuildFile; fileRef = DE6259FE2A3B643D0005EE46 /* SimpleGraphQLPracticeTests.swift */; };
		DE625A092A3B643D0005EE46 /* SimpleGraphQLPracticeUITests.swift in Sources */ = {isa = PBXBuildFile; fileRef = DE625A082A3B643D0005EE46 /* SimpleGraphQLPracticeUITests.swift */; };
		DE625A0B2A3B643D0005EE46 /* SimpleGraphQLPracticeUITestsLaunchTests.swift in Sources */ = {isa = PBXBuildFile; fileRef = DE625A0A2A3B643D0005EE46 /* SimpleGraphQLPracticeUITestsLaunchTests.swift */; };
		DE625A1C2A3B64EE0005EE46 /* CountryListView.swift in Sources */ = {isa = PBXBuildFile; fileRef = DE625A1B2A3B64EE0005EE46 /* CountryListView.swift */; };
		DE625A1E2A3B65030005EE46 /* CountryListRow.swift in Sources */ = {isa = PBXBuildFile; fileRef = DE625A1D2A3B65030005EE46 /* CountryListRow.swift */; };
		DE625A202A3B65220005EE46 /* CountryDetailView.swift in Sources */ = {isa = PBXBuildFile; fileRef = DE625A1F2A3B65220005EE46 /* CountryDetailView.swift */; };
		DE625A232A3B65B70005EE46 /* Apollo in Frameworks */ = {isa = PBXBuildFile; productRef = DE625A222A3B65B70005EE46 /* Apollo */; };
		DE625A452A3B6A610005EE46 /* Quick in Frameworks */ = {isa = PBXBuildFile; productRef = DE625A442A3B6A610005EE46 /* Quick */; };
		DE625A472A3B6A660005EE46 /* Nimble in Frameworks */ = {isa = PBXBuildFile; productRef = DE625A462A3B6A660005EE46 /* Nimble */; };
		DE63A47A2A8EEC2200093951 /* FirstAppearExtension.swift in Sources */ = {isa = PBXBuildFile; fileRef = DE63A4792A8EEC2200093951 /* FirstAppearExtension.swift */; };
/* End PBXBuildFile section */

/* Begin PBXContainerItemProxy section */
		DE6259FB2A3B643D0005EE46 /* PBXContainerItemProxy */ = {
			isa = PBXContainerItemProxy;
			containerPortal = DE6259E22A3B643C0005EE46 /* Project object */;
			proxyType = 1;
			remoteGlobalIDString = DE6259E92A3B643C0005EE46;
			remoteInfo = SimpleGraphQLPractice;
		};
		DE625A052A3B643D0005EE46 /* PBXContainerItemProxy */ = {
			isa = PBXContainerItemProxy;
			containerPortal = DE6259E22A3B643C0005EE46 /* Project object */;
			proxyType = 1;
			remoteGlobalIDString = DE6259E92A3B643C0005EE46;
			remoteInfo = SimpleGraphQLPractice;
		};
/* End PBXContainerItemProxy section */

/* Begin PBXFileReference section */
		DE0B8DE12A72A8D600ED79DC /* GraphQLClient.swift */ = {isa = PBXFileReference; lastKnownFileType = sourcecode.swift; path = GraphQLClient.swift; sourceTree = "<group>"; };
		DE0B8DE32A7BD4B400ED79DC /* schema.json */ = {isa = PBXFileReference; lastKnownFileType = text.json; path = schema.json; sourceTree = "<group>"; };
		DE0B8DE62A7BDA0600ED79DC /* GetAllCountries.graphql */ = {isa = PBXFileReference; lastKnownFileType = text; path = GetAllCountries.graphql; sourceTree = "<group>"; };
		DE0B8E042A7D469E00ED79DC /* CountriesSchema.graphql.swift */ = {isa = PBXFileReference; fileEncoding = 4; lastKnownFileType = sourcecode.swift; path = CountriesSchema.graphql.swift; sourceTree = "<group>"; };
		DE0B8E072A7D469E00ED79DC /* GetAllCountriesQuery.graphql.swift */ = {isa = PBXFileReference; fileEncoding = 4; lastKnownFileType = sourcecode.swift; path = GetAllCountriesQuery.graphql.swift; sourceTree = "<group>"; };
		DE0B8E0A2A7D469E00ED79DC /* Query.graphql.swift */ = {isa = PBXFileReference; fileEncoding = 4; lastKnownFileType = sourcecode.swift; path = Query.graphql.swift; sourceTree = "<group>"; };
		DE0B8E0B2A7D469E00ED79DC /* Language.graphql.swift */ = {isa = PBXFileReference; fileEncoding = 4; lastKnownFileType = sourcecode.swift; path = Language.graphql.swift; sourceTree = "<group>"; };
		DE0B8E0C2A7D469E00ED79DC /* Country.graphql.swift */ = {isa = PBXFileReference; fileEncoding = 4; lastKnownFileType = sourcecode.swift; path = Country.graphql.swift; sourceTree = "<group>"; };
		DE0B8E0D2A7D469E00ED79DC /* Continent.graphql.swift */ = {isa = PBXFileReference; fileEncoding = 4; lastKnownFileType = sourcecode.swift; path = Continent.graphql.swift; sourceTree = "<group>"; };
		DE0B8E0E2A7D469E00ED79DC /* SchemaConfiguration.swift */ = {isa = PBXFileReference; fileEncoding = 4; lastKnownFileType = sourcecode.swift; path = SchemaConfiguration.swift; sourceTree = "<group>"; };
		DE0B8E0F2A7D469E00ED79DC /* SchemaMetadata.graphql.swift */ = {isa = PBXFileReference; fileEncoding = 4; lastKnownFileType = sourcecode.swift; path = SchemaMetadata.graphql.swift; sourceTree = "<group>"; };
		DE0B8E1C2A7DA28500ED79DC /* GetCountryByCode.graphql */ = {isa = PBXFileReference; lastKnownFileType = text; path = GetCountryByCode.graphql; sourceTree = "<group>"; };
		DE0B8E1E2A7DA2E200ED79DC /* GetCountryByCodeQuery.graphql.swift */ = {isa = PBXFileReference; fileEncoding = 4; lastKnownFileType = sourcecode.swift; path = GetCountryByCodeQuery.graphql.swift; sourceTree = "<group>"; };
		DE0B8E202A7DA31100ED79DC /* Subdivision.graphql.swift */ = {isa = PBXFileReference; fileEncoding = 4; lastKnownFileType = sourcecode.swift; path = Subdivision.graphql.swift; sourceTree = "<group>"; };
		DE0B8E232A7EF4EB00ED79DC /* CountryListEntity.swift */ = {isa = PBXFileReference; lastKnownFileType = sourcecode.swift; path = CountryListEntity.swift; sourceTree = "<group>"; };
		DE0B8E252A7EF4F900ED79DC /* CountryDetailEntity.swift */ = {isa = PBXFileReference; lastKnownFileType = sourcecode.swift; path = CountryDetailEntity.swift; sourceTree = "<group>"; };
		DE0B8E272A82FCC000ED79DC /* CountryListRepository.swift */ = {isa = PBXFileReference; lastKnownFileType = sourcecode.swift; path = CountryListRepository.swift; sourceTree = "<group>"; };
		DE0B8E292A83003000ED79DC /* ApolloClientExtension.swift */ = {isa = PBXFileReference; lastKnownFileType = sourcecode.swift; path = ApolloClientExtension.swift; sourceTree = "<group>"; };
		DE0B8E2D2A8725BF00ED79DC /* CountryListViewModel.swift */ = {isa = PBXFileReference; lastKnownFileType = sourcecode.swift; path = CountryListViewModel.swift; sourceTree = "<group>"; };
		DE0B8E352A87496000ED79DC /* CountryListRequest.swift */ = {isa = PBXFileReference; lastKnownFileType = sourcecode.swift; path = CountryListRequest.swift; sourceTree = "<group>"; };
		DE6259EA2A3B643C0005EE46 /* SimpleGraphQLPractice.app */ = {isa = PBXFileReference; explicitFileType = wrapper.application; includeInIndex = 0; path = SimpleGraphQLPractice.app; sourceTree = BUILT_PRODUCTS_DIR; };
		DE6259ED2A3B643C0005EE46 /* SimpleGraphQLPracticeApp.swift */ = {isa = PBXFileReference; lastKnownFileType = sourcecode.swift; path = SimpleGraphQLPracticeApp.swift; sourceTree = "<group>"; };
		DE6259F12A3B643D0005EE46 /* Assets.xcassets */ = {isa = PBXFileReference; lastKnownFileType = folder.assetcatalog; path = Assets.xcassets; sourceTree = "<group>"; };
		DE6259F42A3B643D0005EE46 /* Preview Assets.xcassets */ = {isa = PBXFileReference; lastKnownFileType = folder.assetcatalog; path = "Preview Assets.xcassets"; sourceTree = "<group>"; };
		DE6259FA2A3B643D0005EE46 /* SimpleGraphQLPracticeTests.xctest */ = {isa = PBXFileReference; explicitFileType = wrapper.cfbundle; includeInIndex = 0; path = SimpleGraphQLPracticeTests.xctest; sourceTree = BUILT_PRODUCTS_DIR; };
		DE6259FE2A3B643D0005EE46 /* SimpleGraphQLPracticeTests.swift */ = {isa = PBXFileReference; lastKnownFileType = sourcecode.swift; path = SimpleGraphQLPracticeTests.swift; sourceTree = "<group>"; };
		DE625A042A3B643D0005EE46 /* SimpleGraphQLPracticeUITests.xctest */ = {isa = PBXFileReference; explicitFileType = wrapper.cfbundle; includeInIndex = 0; path = SimpleGraphQLPracticeUITests.xctest; sourceTree = BUILT_PRODUCTS_DIR; };
		DE625A082A3B643D0005EE46 /* SimpleGraphQLPracticeUITests.swift */ = {isa = PBXFileReference; lastKnownFileType = sourcecode.swift; path = SimpleGraphQLPracticeUITests.swift; sourceTree = "<group>"; };
		DE625A0A2A3B643D0005EE46 /* SimpleGraphQLPracticeUITestsLaunchTests.swift */ = {isa = PBXFileReference; lastKnownFileType = sourcecode.swift; path = SimpleGraphQLPracticeUITestsLaunchTests.swift; sourceTree = "<group>"; };
		DE625A1B2A3B64EE0005EE46 /* CountryListView.swift */ = {isa = PBXFileReference; lastKnownFileType = sourcecode.swift; path = CountryListView.swift; sourceTree = "<group>"; };
		DE625A1D2A3B65030005EE46 /* CountryListRow.swift */ = {isa = PBXFileReference; lastKnownFileType = sourcecode.swift; path = CountryListRow.swift; sourceTree = "<group>"; };
		DE625A1F2A3B65220005EE46 /* CountryDetailView.swift */ = {isa = PBXFileReference; lastKnownFileType = sourcecode.swift; path = CountryDetailView.swift; sourceTree = "<group>"; };
		DE63A4792A8EEC2200093951 /* FirstAppearExtension.swift */ = {isa = PBXFileReference; lastKnownFileType = sourcecode.swift; path = FirstAppearExtension.swift; sourceTree = "<group>"; };
/* End PBXFileReference section */

/* Begin PBXFrameworksBuildPhase section */
		DE6259E72A3B643C0005EE46 /* Frameworks */ = {
			isa = PBXFrameworksBuildPhase;
			buildActionMask = 2147483647;
			files = (
				DE625A232A3B65B70005EE46 /* Apollo in Frameworks */,
			);
			runOnlyForDeploymentPostprocessing = 0;
		};
		DE6259F72A3B643D0005EE46 /* Frameworks */ = {
			isa = PBXFrameworksBuildPhase;
			buildActionMask = 2147483647;
			files = (
				DE625A452A3B6A610005EE46 /* Quick in Frameworks */,
				DE625A472A3B6A660005EE46 /* Nimble in Frameworks */,
			);
			runOnlyForDeploymentPostprocessing = 0;
		};
		DE625A012A3B643D0005EE46 /* Frameworks */ = {
			isa = PBXFrameworksBuildPhase;
			buildActionMask = 2147483647;
			files = (
			);
			runOnlyForDeploymentPostprocessing = 0;
		};
/* End PBXFrameworksBuildPhase section */

/* Begin PBXGroup section */
		DE0B8DDD2A6C125C00ED79DC /* ViewModel */ = {
			isa = PBXGroup;
			children = (
				DE0B8E2D2A8725BF00ED79DC /* CountryListViewModel.swift */,
			);
			path = ViewModel;
			sourceTree = "<group>";
		};
		DE0B8DDE2A6C126200ED79DC /* Repository */ = {
			isa = PBXGroup;
			children = (
				DE0B8E272A82FCC000ED79DC /* CountryListRepository.swift */,
			);
			path = Repository;
			sourceTree = "<group>";
		};
		DE0B8DDF2A6C128D00ED79DC /* View */ = {
			isa = PBXGroup;
			children = (
			);
			path = View;
			sourceTree = "<group>";
		};
		DE0B8DE02A72A8BE00ED79DC /* Client */ = {
			isa = PBXGroup;
			children = (
				DE0B8DE12A72A8D600ED79DC /* GraphQLClient.swift */,
				DE0B8E292A83003000ED79DC /* ApolloClientExtension.swift */,
			);
			path = Client;
			sourceTree = "<group>";
		};
		DE0B8DE52A7BD9EE00ED79DC /* Query */ = {
			isa = PBXGroup;
			children = (
				DE0B8DE62A7BDA0600ED79DC /* GetAllCountries.graphql */,
				DE0B8E1C2A7DA28500ED79DC /* GetCountryByCode.graphql */,
			);
			path = Query;
			sourceTree = "<group>";
		};
		DE0B8E032A7D469E00ED79DC /* Generated */ = {
			isa = PBXGroup;
			children = (
				DE0B8E042A7D469E00ED79DC /* CountriesSchema.graphql.swift */,
				DE0B8E052A7D469E00ED79DC /* Operations */,
				DE0B8E082A7D469E00ED79DC /* Schema */,
			);
			path = Generated;
			sourceTree = "<group>";
		};
		DE0B8E052A7D469E00ED79DC /* Operations */ = {
			isa = PBXGroup;
			children = (
				DE0B8E062A7D469E00ED79DC /* Queries */,
			);
			path = Operations;
			sourceTree = "<group>";
		};
		DE0B8E062A7D469E00ED79DC /* Queries */ = {
			isa = PBXGroup;
			children = (
				DE0B8E1E2A7DA2E200ED79DC /* GetCountryByCodeQuery.graphql.swift */,
				DE0B8E072A7D469E00ED79DC /* GetAllCountriesQuery.graphql.swift */,
			);
			path = Queries;
			sourceTree = "<group>";
		};
		DE0B8E082A7D469E00ED79DC /* Schema */ = {
			isa = PBXGroup;
			children = (
				DE0B8E092A7D469E00ED79DC /* Objects */,
				DE0B8E0E2A7D469E00ED79DC /* SchemaConfiguration.swift */,
				DE0B8E0F2A7D469E00ED79DC /* SchemaMetadata.graphql.swift */,
			);
			path = Schema;
			sourceTree = "<group>";
		};
		DE0B8E092A7D469E00ED79DC /* Objects */ = {
			isa = PBXGroup;
			children = (
				DE0B8E202A7DA31100ED79DC /* Subdivision.graphql.swift */,
				DE0B8E0A2A7D469E00ED79DC /* Query.graphql.swift */,
				DE0B8E0B2A7D469E00ED79DC /* Language.graphql.swift */,
				DE0B8E0C2A7D469E00ED79DC /* Country.graphql.swift */,
				DE0B8E0D2A7D469E00ED79DC /* Continent.graphql.swift */,
			);
			path = Objects;
			sourceTree = "<group>";
		};
		DE0B8E222A7E810D00ED79DC /* Entity */ = {
			isa = PBXGroup;
			children = (
				DE0B8E232A7EF4EB00ED79DC /* CountryListEntity.swift */,
				DE0B8E252A7EF4F900ED79DC /* CountryDetailEntity.swift */,
			);
			path = Entity;
			sourceTree = "<group>";
		};
		DE0B8E342A87494200ED79DC /* Request */ = {
			isa = PBXGroup;
			children = (
				DE0B8E352A87496000ED79DC /* CountryListRequest.swift */,
			);
			path = Request;
			sourceTree = "<group>";
		};
		DE6259E12A3B643C0005EE46 = {
			isa = PBXGroup;
			children = (
				DE6259EC2A3B643C0005EE46 /* SimpleGraphQLPractice */,
				DE6259FD2A3B643D0005EE46 /* SimpleGraphQLPracticeTests */,
				DE625A072A3B643D0005EE46 /* SimpleGraphQLPracticeUITests */,
				DE6259EB2A3B643C0005EE46 /* Products */,
				DE625A432A3B6A610005EE46 /* Frameworks */,
			);
			sourceTree = "<group>";
		};
		DE6259EB2A3B643C0005EE46 /* Products */ = {
			isa = PBXGroup;
			children = (
				DE6259EA2A3B643C0005EE46 /* SimpleGraphQLPractice.app */,
				DE6259FA2A3B643D0005EE46 /* SimpleGraphQLPracticeTests.xctest */,
				DE625A042A3B643D0005EE46 /* SimpleGraphQLPracticeUITests.xctest */,
			);
			name = Products;
			sourceTree = "<group>";
		};
		DE6259EC2A3B643C0005EE46 /* SimpleGraphQLPractice */ = {
			isa = PBXGroup;
			children = (
				DE6259F12A3B643D0005EE46 /* Assets.xcassets */,
				DE6259ED2A3B643C0005EE46 /* SimpleGraphQLPracticeApp.swift */,
				DE0B8DE02A72A8BE00ED79DC /* Client */,
				DE0B8E222A7E810D00ED79DC /* Entity */,
				DE63A4782A8EE99700093951 /* Extension */,
				DE625A2A2A3B66990005EE46 /* GraphQL */,
				DE625A182A3B64C30005EE46 /* CountryDetail */,
				DE625A172A3B64BA0005EE46 /* CountryList */,
				DE0B8E342A87494200ED79DC /* Request */,
				DE0B8DDE2A6C126200ED79DC /* Repository */,
				DE0B8DDF2A6C128D00ED79DC /* View */,
				DE0B8DDD2A6C125C00ED79DC /* ViewModel */,
				DE6259F32A3B643D0005EE46 /* Preview Content */,
			);
			path = SimpleGraphQLPractice;
			sourceTree = "<group>";
		};
		DE6259F32A3B643D0005EE46 /* Preview Content */ = {
			isa = PBXGroup;
			children = (
				DE6259F42A3B643D0005EE46 /* Preview Assets.xcassets */,
			);
			path = "Preview Content";
			sourceTree = "<group>";
		};
		DE6259FD2A3B643D0005EE46 /* SimpleGraphQLPracticeTests */ = {
			isa = PBXGroup;
			children = (
				DE6259FE2A3B643D0005EE46 /* SimpleGraphQLPracticeTests.swift */,
			);
			path = SimpleGraphQLPracticeTests;
			sourceTree = "<group>";
		};
		DE625A072A3B643D0005EE46 /* SimpleGraphQLPracticeUITests */ = {
			isa = PBXGroup;
			children = (
				DE625A082A3B643D0005EE46 /* SimpleGraphQLPracticeUITests.swift */,
				DE625A0A2A3B643D0005EE46 /* SimpleGraphQLPracticeUITestsLaunchTests.swift */,
			);
			path = SimpleGraphQLPracticeUITests;
			sourceTree = "<group>";
		};
		DE625A172A3B64BA0005EE46 /* CountryList */ = {
			isa = PBXGroup;
			children = (
				DE625A1B2A3B64EE0005EE46 /* CountryListView.swift */,
				DE625A1D2A3B65030005EE46 /* CountryListRow.swift */,
			);
			path = CountryList;
			sourceTree = "<group>";
		};
		DE625A182A3B64C30005EE46 /* CountryDetail */ = {
			isa = PBXGroup;
			children = (
				DE625A1F2A3B65220005EE46 /* CountryDetailView.swift */,
			);
			path = CountryDetail;
			sourceTree = "<group>";
		};
		DE625A2A2A3B66990005EE46 /* GraphQL */ = {
			isa = PBXGroup;
			children = (
				DE0B8E032A7D469E00ED79DC /* Generated */,
				DE0B8DE52A7BD9EE00ED79DC /* Query */,
				DE0B8DE32A7BD4B400ED79DC /* schema.json */,
			);
			path = GraphQL;
			sourceTree = "<group>";
		};
		DE625A432A3B6A610005EE46 /* Frameworks */ = {
			isa = PBXGroup;
			children = (
			);
			name = Frameworks;
			sourceTree = "<group>";
		};
		DE63A4782A8EE99700093951 /* Extension */ = {
			isa = PBXGroup;
			children = (
				DE63A4792A8EEC2200093951 /* FirstAppearExtension.swift */,
			);
			path = Extension;
			sourceTree = "<group>";
		};
/* End PBXGroup section */

/* Begin PBXNativeTarget section */
		DE6259E92A3B643C0005EE46 /* SimpleGraphQLPractice */ = {
			isa = PBXNativeTarget;
			buildConfigurationList = DE625A0E2A3B643D0005EE46 /* Build configuration list for PBXNativeTarget "SimpleGraphQLPractice" */;
			buildPhases = (
				DE6259E62A3B643C0005EE46 /* Sources */,
				DE6259E72A3B643C0005EE46 /* Frameworks */,
				DE6259E82A3B643C0005EE46 /* Resources */,
			);
			buildRules = (
			);
			dependencies = (
			);
			name = SimpleGraphQLPractice;
			packageProductDependencies = (
				DE625A222A3B65B70005EE46 /* Apollo */,
			);
			productName = SimpleGraphQLPractice;
			productReference = DE6259EA2A3B643C0005EE46 /* SimpleGraphQLPractice.app */;
			productType = "com.apple.product-type.application";
		};
		DE6259F92A3B643D0005EE46 /* SimpleGraphQLPracticeTests */ = {
			isa = PBXNativeTarget;
			buildConfigurationList = DE625A112A3B643D0005EE46 /* Build configuration list for PBXNativeTarget "SimpleGraphQLPracticeTests" */;
			buildPhases = (
				DE6259F62A3B643D0005EE46 /* Sources */,
				DE6259F72A3B643D0005EE46 /* Frameworks */,
				DE6259F82A3B643D0005EE46 /* Resources */,
			);
			buildRules = (
			);
			dependencies = (
				DE6259FC2A3B643D0005EE46 /* PBXTargetDependency */,
			);
			name = SimpleGraphQLPracticeTests;
			packageProductDependencies = (
				DE625A442A3B6A610005EE46 /* Quick */,
				DE625A462A3B6A660005EE46 /* Nimble */,
			);
			productName = SimpleGraphQLPracticeTests;
			productReference = DE6259FA2A3B643D0005EE46 /* SimpleGraphQLPracticeTests.xctest */;
			productType = "com.apple.product-type.bundle.unit-test";
		};
		DE625A032A3B643D0005EE46 /* SimpleGraphQLPracticeUITests */ = {
			isa = PBXNativeTarget;
			buildConfigurationList = DE625A142A3B643D0005EE46 /* Build configuration list for PBXNativeTarget "SimpleGraphQLPracticeUITests" */;
			buildPhases = (
				DE625A002A3B643D0005EE46 /* Sources */,
				DE625A012A3B643D0005EE46 /* Frameworks */,
				DE625A022A3B643D0005EE46 /* Resources */,
			);
			buildRules = (
			);
			dependencies = (
				DE625A062A3B643D0005EE46 /* PBXTargetDependency */,
			);
			name = SimpleGraphQLPracticeUITests;
			productName = SimpleGraphQLPracticeUITests;
			productReference = DE625A042A3B643D0005EE46 /* SimpleGraphQLPracticeUITests.xctest */;
			productType = "com.apple.product-type.bundle.ui-testing";
		};
/* End PBXNativeTarget section */

/* Begin PBXProject section */
		DE6259E22A3B643C0005EE46 /* Project object */ = {
			isa = PBXProject;
			attributes = {
				BuildIndependentTargetsInParallel = 1;
				LastSwiftUpdateCheck = 1430;
				LastUpgradeCheck = 1430;
				TargetAttributes = {
					DE6259E92A3B643C0005EE46 = {
						CreatedOnToolsVersion = 14.3.1;
					};
					DE6259F92A3B643D0005EE46 = {
						CreatedOnToolsVersion = 14.3.1;
						TestTargetID = DE6259E92A3B643C0005EE46;
					};
					DE625A032A3B643D0005EE46 = {
						CreatedOnToolsVersion = 14.3.1;
						TestTargetID = DE6259E92A3B643C0005EE46;
					};
				};
			};
			buildConfigurationList = DE6259E52A3B643C0005EE46 /* Build configuration list for PBXProject "SimpleGraphQLPractice" */;
			compatibilityVersion = "Xcode 14.0";
			developmentRegion = en;
			hasScannedForEncodings = 0;
			knownRegions = (
				en,
				Base,
			);
			mainGroup = DE6259E12A3B643C0005EE46;
			packageReferences = (
				DE625A212A3B65B70005EE46 /* XCRemoteSwiftPackageReference "apollo-ios" */,
				DE625A3D2A3B69D70005EE46 /* XCRemoteSwiftPackageReference "Quick" */,
				DE625A402A3B6A4C0005EE46 /* XCRemoteSwiftPackageReference "Nimble" */,
			);
			productRefGroup = DE6259EB2A3B643C0005EE46 /* Products */;
			projectDirPath = "";
			projectRoot = "";
			targets = (
				DE6259E92A3B643C0005EE46 /* SimpleGraphQLPractice */,
				DE6259F92A3B643D0005EE46 /* SimpleGraphQLPracticeTests */,
				DE625A032A3B643D0005EE46 /* SimpleGraphQLPracticeUITests */,
			);
		};
/* End PBXProject section */

/* Begin PBXResourcesBuildPhase section */
		DE6259E82A3B643C0005EE46 /* Resources */ = {
			isa = PBXResourcesBuildPhase;
			buildActionMask = 2147483647;
			files = (
				DE0B8E1D2A7DA28500ED79DC /* GetCountryByCode.graphql in Resources */,
				DE6259F52A3B643D0005EE46 /* Preview Assets.xcassets in Resources */,
				DE0B8DE72A7BDA0600ED79DC /* GetAllCountries.graphql in Resources */,
				DE0B8DE42A7BD4B400ED79DC /* schema.json in Resources */,
				DE6259F22A3B643D0005EE46 /* Assets.xcassets in Resources */,
			);
			runOnlyForDeploymentPostprocessing = 0;
		};
		DE6259F82A3B643D0005EE46 /* Resources */ = {
			isa = PBXResourcesBuildPhase;
			buildActionMask = 2147483647;
			files = (
			);
			runOnlyForDeploymentPostprocessing = 0;
		};
		DE625A022A3B643D0005EE46 /* Resources */ = {
			isa = PBXResourcesBuildPhase;
			buildActionMask = 2147483647;
			files = (
			);
			runOnlyForDeploymentPostprocessing = 0;
		};
/* End PBXResourcesBuildPhase section */

/* Begin PBXSourcesBuildPhase section */
		DE6259E62A3B643C0005EE46 /* Sources */ = {
			isa = PBXSourcesBuildPhase;
			buildActionMask = 2147483647;
			files = (
				DE0B8E132A7D469E00ED79DC /* Language.graphql.swift in Sources */,
				DE63A47A2A8EEC2200093951 /* FirstAppearExtension.swift in Sources */,
				DE0B8E262A7EF4F900ED79DC /* CountryDetailEntity.swift in Sources */,
				DE6259EE2A3B643C0005EE46 /* SimpleGraphQLPracticeApp.swift in Sources */,
				DE0B8E212A7DA31100ED79DC /* Subdivision.graphql.swift in Sources */,
				DE0B8E122A7D469E00ED79DC /* Query.graphql.swift in Sources */,
				DE0B8E282A82FCC000ED79DC /* CountryListRepository.swift in Sources */,
				DE0B8E1F2A7DA2E200ED79DC /* GetCountryByCodeQuery.graphql.swift in Sources */,
				DE0B8E142A7D469E00ED79DC /* Country.graphql.swift in Sources */,
				DE625A1C2A3B64EE0005EE46 /* CountryListView.swift in Sources */,
				DE0B8E162A7D469E00ED79DC /* SchemaConfiguration.swift in Sources */,
				DE0B8E362A87496000ED79DC /* CountryListRequest.swift in Sources */,
				DE0B8E152A7D469E00ED79DC /* Continent.graphql.swift in Sources */,
				DE0B8E172A7D469E00ED79DC /* SchemaMetadata.graphql.swift in Sources */,
				DE625A1E2A3B65030005EE46 /* CountryListRow.swift in Sources */,
				DE0B8E2E2A8725BF00ED79DC /* CountryListViewModel.swift in Sources */,
				DE0B8E112A7D469E00ED79DC /* GetAllCountriesQuery.graphql.swift in Sources */,
				DE0B8E2A2A83003000ED79DC /* ApolloClientExtension.swift in Sources */,
				DE625A202A3B65220005EE46 /* CountryDetailView.swift in Sources */,
				DE0B8E102A7D469E00ED79DC /* CountriesSchema.graphql.swift in Sources */,
				DE0B8DE22A72A8D600ED79DC /* GraphQLClient.swift in Sources */,
				DE0B8E242A7EF4EB00ED79DC /* CountryListEntity.swift in Sources */,
			);
			runOnlyForDeploymentPostprocessing = 0;
		};
		DE6259F62A3B643D0005EE46 /* Sources */ = {
			isa = PBXSourcesBuildPhase;
			buildActionMask = 2147483647;
			files = (
				DE6259FF2A3B643D0005EE46 /* SimpleGraphQLPracticeTests.swift in Sources */,
			);
			runOnlyForDeploymentPostprocessing = 0;
		};
		DE625A002A3B643D0005EE46 /* Sources */ = {
			isa = PBXSourcesBuildPhase;
			buildActionMask = 2147483647;
			files = (
				DE625A092A3B643D0005EE46 /* SimpleGraphQLPracticeUITests.swift in Sources */,
				DE625A0B2A3B643D0005EE46 /* SimpleGraphQLPracticeUITestsLaunchTests.swift in Sources */,
			);
			runOnlyForDeploymentPostprocessing = 0;
		};
/* End PBXSourcesBuildPhase section */

/* Begin PBXTargetDependency section */
		DE6259FC2A3B643D0005EE46 /* PBXTargetDependency */ = {
			isa = PBXTargetDependency;
			target = DE6259E92A3B643C0005EE46 /* SimpleGraphQLPractice */;
			targetProxy = DE6259FB2A3B643D0005EE46 /* PBXContainerItemProxy */;
		};
		DE625A062A3B643D0005EE46 /* PBXTargetDependency */ = {
			isa = PBXTargetDependency;
			target = DE6259E92A3B643C0005EE46 /* SimpleGraphQLPractice */;
			targetProxy = DE625A052A3B643D0005EE46 /* PBXContainerItemProxy */;
		};
/* End PBXTargetDependency section */

/* Begin XCBuildConfiguration section */
		DE625A0C2A3B643D0005EE46 /* Debug */ = {
			isa = XCBuildConfiguration;
			buildSettings = {
				ALWAYS_SEARCH_USER_PATHS = NO;
				CLANG_ANALYZER_NONNULL = YES;
				CLANG_ANALYZER_NUMBER_OBJECT_CONVERSION = YES_AGGRESSIVE;
				CLANG_CXX_LANGUAGE_STANDARD = "gnu++20";
				CLANG_ENABLE_MODULES = YES;
				CLANG_ENABLE_OBJC_ARC = YES;
				CLANG_ENABLE_OBJC_WEAK = YES;
				CLANG_WARN_BLOCK_CAPTURE_AUTORELEASING = YES;
				CLANG_WARN_BOOL_CONVERSION = YES;
				CLANG_WARN_COMMA = YES;
				CLANG_WARN_CONSTANT_CONVERSION = YES;
				CLANG_WARN_DEPRECATED_OBJC_IMPLEMENTATIONS = YES;
				CLANG_WARN_DIRECT_OBJC_ISA_USAGE = YES_ERROR;
				CLANG_WARN_DOCUMENTATION_COMMENTS = YES;
				CLANG_WARN_EMPTY_BODY = YES;
				CLANG_WARN_ENUM_CONVERSION = YES;
				CLANG_WARN_INFINITE_RECURSION = YES;
				CLANG_WARN_INT_CONVERSION = YES;
				CLANG_WARN_NON_LITERAL_NULL_CONVERSION = YES;
				CLANG_WARN_OBJC_IMPLICIT_RETAIN_SELF = YES;
				CLANG_WARN_OBJC_LITERAL_CONVERSION = YES;
				CLANG_WARN_OBJC_ROOT_CLASS = YES_ERROR;
				CLANG_WARN_QUOTED_INCLUDE_IN_FRAMEWORK_HEADER = YES;
				CLANG_WARN_RANGE_LOOP_ANALYSIS = YES;
				CLANG_WARN_STRICT_PROTOTYPES = YES;
				CLANG_WARN_SUSPICIOUS_MOVE = YES;
				CLANG_WARN_UNGUARDED_AVAILABILITY = YES_AGGRESSIVE;
				CLANG_WARN_UNREACHABLE_CODE = YES;
				CLANG_WARN__DUPLICATE_METHOD_MATCH = YES;
				COPY_PHASE_STRIP = NO;
				DEBUG_INFORMATION_FORMAT = dwarf;
				ENABLE_STRICT_OBJC_MSGSEND = YES;
				ENABLE_TESTABILITY = YES;
				GCC_C_LANGUAGE_STANDARD = gnu11;
				GCC_DYNAMIC_NO_PIC = NO;
				GCC_NO_COMMON_BLOCKS = YES;
				GCC_OPTIMIZATION_LEVEL = 0;
				GCC_PREPROCESSOR_DEFINITIONS = (
					"DEBUG=1",
					"$(inherited)",
				);
				GCC_WARN_64_TO_32_BIT_CONVERSION = YES;
				GCC_WARN_ABOUT_RETURN_TYPE = YES_ERROR;
				GCC_WARN_UNDECLARED_SELECTOR = YES;
				GCC_WARN_UNINITIALIZED_AUTOS = YES_AGGRESSIVE;
				GCC_WARN_UNUSED_FUNCTION = YES;
				GCC_WARN_UNUSED_VARIABLE = YES;
				IPHONEOS_DEPLOYMENT_TARGET = 16.4;
				MTL_ENABLE_DEBUG_INFO = INCLUDE_SOURCE;
				MTL_FAST_MATH = YES;
				ONLY_ACTIVE_ARCH = YES;
				SDKROOT = iphoneos;
				SWIFT_ACTIVE_COMPILATION_CONDITIONS = DEBUG;
				SWIFT_OPTIMIZATION_LEVEL = "-Onone";
			};
			name = Debug;
		};
		DE625A0D2A3B643D0005EE46 /* Release */ = {
			isa = XCBuildConfiguration;
			buildSettings = {
				ALWAYS_SEARCH_USER_PATHS = NO;
				CLANG_ANALYZER_NONNULL = YES;
				CLANG_ANALYZER_NUMBER_OBJECT_CONVERSION = YES_AGGRESSIVE;
				CLANG_CXX_LANGUAGE_STANDARD = "gnu++20";
				CLANG_ENABLE_MODULES = YES;
				CLANG_ENABLE_OBJC_ARC = YES;
				CLANG_ENABLE_OBJC_WEAK = YES;
				CLANG_WARN_BLOCK_CAPTURE_AUTORELEASING = YES;
				CLANG_WARN_BOOL_CONVERSION = YES;
				CLANG_WARN_COMMA = YES;
				CLANG_WARN_CONSTANT_CONVERSION = YES;
				CLANG_WARN_DEPRECATED_OBJC_IMPLEMENTATIONS = YES;
				CLANG_WARN_DIRECT_OBJC_ISA_USAGE = YES_ERROR;
				CLANG_WARN_DOCUMENTATION_COMMENTS = YES;
				CLANG_WARN_EMPTY_BODY = YES;
				CLANG_WARN_ENUM_CONVERSION = YES;
				CLANG_WARN_INFINITE_RECURSION = YES;
				CLANG_WARN_INT_CONVERSION = YES;
				CLANG_WARN_NON_LITERAL_NULL_CONVERSION = YES;
				CLANG_WARN_OBJC_IMPLICIT_RETAIN_SELF = YES;
				CLANG_WARN_OBJC_LITERAL_CONVERSION = YES;
				CLANG_WARN_OBJC_ROOT_CLASS = YES_ERROR;
				CLANG_WARN_QUOTED_INCLUDE_IN_FRAMEWORK_HEADER = YES;
				CLANG_WARN_RANGE_LOOP_ANALYSIS = YES;
				CLANG_WARN_STRICT_PROTOTYPES = YES;
				CLANG_WARN_SUSPICIOUS_MOVE = YES;
				CLANG_WARN_UNGUARDED_AVAILABILITY = YES_AGGRESSIVE;
				CLANG_WARN_UNREACHABLE_CODE = YES;
				CLANG_WARN__DUPLICATE_METHOD_MATCH = YES;
				COPY_PHASE_STRIP = NO;
				DEBUG_INFORMATION_FORMAT = "dwarf-with-dsym";
				ENABLE_NS_ASSERTIONS = NO;
				ENABLE_STRICT_OBJC_MSGSEND = YES;
				GCC_C_LANGUAGE_STANDARD = gnu11;
				GCC_NO_COMMON_BLOCKS = YES;
				GCC_WARN_64_TO_32_BIT_CONVERSION = YES;
				GCC_WARN_ABOUT_RETURN_TYPE = YES_ERROR;
				GCC_WARN_UNDECLARED_SELECTOR = YES;
				GCC_WARN_UNINITIALIZED_AUTOS = YES_AGGRESSIVE;
				GCC_WARN_UNUSED_FUNCTION = YES;
				GCC_WARN_UNUSED_VARIABLE = YES;
				IPHONEOS_DEPLOYMENT_TARGET = 16.4;
				MTL_ENABLE_DEBUG_INFO = NO;
				MTL_FAST_MATH = YES;
				SDKROOT = iphoneos;
				SWIFT_COMPILATION_MODE = wholemodule;
				SWIFT_OPTIMIZATION_LEVEL = "-O";
				VALIDATE_PRODUCT = YES;
			};
			name = Release;
		};
		DE625A0F2A3B643D0005EE46 /* Debug */ = {
			isa = XCBuildConfiguration;
			buildSettings = {
				ASSETCATALOG_COMPILER_APPICON_NAME = AppIcon;
				ASSETCATALOG_COMPILER_GLOBAL_ACCENT_COLOR_NAME = AccentColor;
				CODE_SIGN_STYLE = Automatic;
				CURRENT_PROJECT_VERSION = 1;
				DEVELOPMENT_ASSET_PATHS = "\"SimpleGraphQLPractice/Preview Content\"";
				DEVELOPMENT_TEAM = S5BF5553KY;
				ENABLE_PREVIEWS = YES;
				GENERATE_INFOPLIST_FILE = YES;
				INFOPLIST_KEY_UIApplicationSceneManifest_Generation = YES;
				INFOPLIST_KEY_UIApplicationSupportsIndirectInputEvents = YES;
				INFOPLIST_KEY_UILaunchScreen_Generation = YES;
				INFOPLIST_KEY_UISupportedInterfaceOrientations_iPad = "UIInterfaceOrientationPortrait UIInterfaceOrientationPortraitUpsideDown UIInterfaceOrientationLandscapeLeft UIInterfaceOrientationLandscapeRight";
				INFOPLIST_KEY_UISupportedInterfaceOrientations_iPhone = "UIInterfaceOrientationPortrait UIInterfaceOrientationLandscapeLeft UIInterfaceOrientationLandscapeRight";
				LD_RUNPATH_SEARCH_PATHS = (
					"$(inherited)",
					"@executable_path/Frameworks",
				);
				MARKETING_VERSION = 1.0;
				PRODUCT_BUNDLE_IDENTIFIER = net.just1factory.SimpleGraphQLPractice;
				PRODUCT_NAME = "$(TARGET_NAME)";
				SWIFT_EMIT_LOC_STRINGS = YES;
				SWIFT_VERSION = 5.0;
				TARGETED_DEVICE_FAMILY = "1,2";
			};
			name = Debug;
		};
		DE625A102A3B643D0005EE46 /* Release */ = {
			isa = XCBuildConfiguration;
			buildSettings = {
				ASSETCATALOG_COMPILER_APPICON_NAME = AppIcon;
				ASSETCATALOG_COMPILER_GLOBAL_ACCENT_COLOR_NAME = AccentColor;
				CODE_SIGN_STYLE = Automatic;
				CURRENT_PROJECT_VERSION = 1;
				DEVELOPMENT_ASSET_PATHS = "\"SimpleGraphQLPractice/Preview Content\"";
				DEVELOPMENT_TEAM = S5BF5553KY;
				ENABLE_PREVIEWS = YES;
				GENERATE_INFOPLIST_FILE = YES;
				INFOPLIST_KEY_UIApplicationSceneManifest_Generation = YES;
				INFOPLIST_KEY_UIApplicationSupportsIndirectInputEvents = YES;
				INFOPLIST_KEY_UILaunchScreen_Generation = YES;
				INFOPLIST_KEY_UISupportedInterfaceOrientations_iPad = "UIInterfaceOrientationPortrait UIInterfaceOrientationPortraitUpsideDown UIInterfaceOrientationLandscapeLeft UIInterfaceOrientationLandscapeRight";
				INFOPLIST_KEY_UISupportedInterfaceOrientations_iPhone = "UIInterfaceOrientationPortrait UIInterfaceOrientationLandscapeLeft UIInterfaceOrientationLandscapeRight";
				LD_RUNPATH_SEARCH_PATHS = (
					"$(inherited)",
					"@executable_path/Frameworks",
				);
				MARKETING_VERSION = 1.0;
				PRODUCT_BUNDLE_IDENTIFIER = net.just1factory.SimpleGraphQLPractice;
				PRODUCT_NAME = "$(TARGET_NAME)";
				SWIFT_EMIT_LOC_STRINGS = YES;
				SWIFT_VERSION = 5.0;
				TARGETED_DEVICE_FAMILY = "1,2";
			};
			name = Release;
		};
		DE625A122A3B643D0005EE46 /* Debug */ = {
			isa = XCBuildConfiguration;
			buildSettings = {
				ALWAYS_EMBED_SWIFT_STANDARD_LIBRARIES = YES;
				BUNDLE_LOADER = "$(TEST_HOST)";
				CODE_SIGN_STYLE = Automatic;
				CURRENT_PROJECT_VERSION = 1;
				DEVELOPMENT_TEAM = S5BF5553KY;
				GENERATE_INFOPLIST_FILE = YES;
				IPHONEOS_DEPLOYMENT_TARGET = 16.4;
				MARKETING_VERSION = 1.0;
				PRODUCT_BUNDLE_IDENTIFIER = net.just1factory.SimpleGraphQLPracticeTests;
				PRODUCT_NAME = "$(TARGET_NAME)";
				SWIFT_EMIT_LOC_STRINGS = NO;
				SWIFT_VERSION = 5.0;
				TARGETED_DEVICE_FAMILY = "1,2";
				TEST_HOST = "$(BUILT_PRODUCTS_DIR)/SimpleGraphQLPractice.app/$(BUNDLE_EXECUTABLE_FOLDER_PATH)/SimpleGraphQLPractice";
			};
			name = Debug;
		};
		DE625A132A3B643D0005EE46 /* Release */ = {
			isa = XCBuildConfiguration;
			buildSettings = {
				ALWAYS_EMBED_SWIFT_STANDARD_LIBRARIES = YES;
				BUNDLE_LOADER = "$(TEST_HOST)";
				CODE_SIGN_STYLE = Automatic;
				CURRENT_PROJECT_VERSION = 1;
				DEVELOPMENT_TEAM = S5BF5553KY;
				GENERATE_INFOPLIST_FILE = YES;
				IPHONEOS_DEPLOYMENT_TARGET = 16.4;
				MARKETING_VERSION = 1.0;
				PRODUCT_BUNDLE_IDENTIFIER = net.just1factory.SimpleGraphQLPracticeTests;
				PRODUCT_NAME = "$(TARGET_NAME)";
				SWIFT_EMIT_LOC_STRINGS = NO;
				SWIFT_VERSION = 5.0;
				TARGETED_DEVICE_FAMILY = "1,2";
				TEST_HOST = "$(BUILT_PRODUCTS_DIR)/SimpleGraphQLPractice.app/$(BUNDLE_EXECUTABLE_FOLDER_PATH)/SimpleGraphQLPractice";
			};
			name = Release;
		};
		DE625A152A3B643D0005EE46 /* Debug */ = {
			isa = XCBuildConfiguration;
			buildSettings = {
				ALWAYS_EMBED_SWIFT_STANDARD_LIBRARIES = YES;
				CODE_SIGN_STYLE = Automatic;
				CURRENT_PROJECT_VERSION = 1;
				DEVELOPMENT_TEAM = S5BF5553KY;
				GENERATE_INFOPLIST_FILE = YES;
				MARKETING_VERSION = 1.0;
				PRODUCT_BUNDLE_IDENTIFIER = net.just1factory.SimpleGraphQLPracticeUITests;
				PRODUCT_NAME = "$(TARGET_NAME)";
				SWIFT_EMIT_LOC_STRINGS = NO;
				SWIFT_VERSION = 5.0;
				TARGETED_DEVICE_FAMILY = "1,2";
				TEST_TARGET_NAME = SimpleGraphQLPractice;
			};
			name = Debug;
		};
		DE625A162A3B643D0005EE46 /* Release */ = {
			isa = XCBuildConfiguration;
			buildSettings = {
				ALWAYS_EMBED_SWIFT_STANDARD_LIBRARIES = YES;
				CODE_SIGN_STYLE = Automatic;
				CURRENT_PROJECT_VERSION = 1;
				DEVELOPMENT_TEAM = S5BF5553KY;
				GENERATE_INFOPLIST_FILE = YES;
				MARKETING_VERSION = 1.0;
				PRODUCT_BUNDLE_IDENTIFIER = net.just1factory.SimpleGraphQLPracticeUITests;
				PRODUCT_NAME = "$(TARGET_NAME)";
				SWIFT_EMIT_LOC_STRINGS = NO;
				SWIFT_VERSION = 5.0;
				TARGETED_DEVICE_FAMILY = "1,2";
				TEST_TARGET_NAME = SimpleGraphQLPractice;
			};
			name = Release;
		};
/* End XCBuildConfiguration section */

/* Begin XCConfigurationList section */
		DE6259E52A3B643C0005EE46 /* Build configuration list for PBXProject "SimpleGraphQLPractice" */ = {
			isa = XCConfigurationList;
			buildConfigurations = (
				DE625A0C2A3B643D0005EE46 /* Debug */,
				DE625A0D2A3B643D0005EE46 /* Release */,
			);
			defaultConfigurationIsVisible = 0;
			defaultConfigurationName = Release;
		};
		DE625A0E2A3B643D0005EE46 /* Build configuration list for PBXNativeTarget "SimpleGraphQLPractice" */ = {
			isa = XCConfigurationList;
			buildConfigurations = (
				DE625A0F2A3B643D0005EE46 /* Debug */,
				DE625A102A3B643D0005EE46 /* Release */,
			);
			defaultConfigurationIsVisible = 0;
			defaultConfigurationName = Release;
		};
		DE625A112A3B643D0005EE46 /* Build configuration list for PBXNativeTarget "SimpleGraphQLPracticeTests" */ = {
			isa = XCConfigurationList;
			buildConfigurations = (
				DE625A122A3B643D0005EE46 /* Debug */,
				DE625A132A3B643D0005EE46 /* Release */,
			);
			defaultConfigurationIsVisible = 0;
			defaultConfigurationName = Release;
		};
		DE625A142A3B643D0005EE46 /* Build configuration list for PBXNativeTarget "SimpleGraphQLPracticeUITests" */ = {
			isa = XCConfigurationList;
			buildConfigurations = (
				DE625A152A3B643D0005EE46 /* Debug */,
				DE625A162A3B643D0005EE46 /* Release */,
			);
			defaultConfigurationIsVisible = 0;
			defaultConfigurationName = Release;
		};
/* End XCConfigurationList section */

/* Begin XCRemoteSwiftPackageReference section */
		DE625A212A3B65B70005EE46 /* XCRemoteSwiftPackageReference "apollo-ios" */ = {
			isa = XCRemoteSwiftPackageReference;
			repositoryURL = "https://github.com/apollographql/apollo-ios.git";
			requirement = {
				kind = upToNextMajorVersion;
				minimumVersion = 1.4.0;
			};
		};
		DE625A3D2A3B69D70005EE46 /* XCRemoteSwiftPackageReference "Quick" */ = {
			isa = XCRemoteSwiftPackageReference;
			repositoryURL = "https://github.com/Quick/Quick.git";
			requirement = {
				kind = upToNextMajorVersion;
				minimumVersion = 7.0.0;
			};
		};
		DE625A402A3B6A4C0005EE46 /* XCRemoteSwiftPackageReference "Nimble" */ = {
			isa = XCRemoteSwiftPackageReference;
			repositoryURL = "https://github.com/Quick/Nimble.git";
			requirement = {
				kind = upToNextMinorVersion;
				minimumVersion = 12.0.0;
			};
		};
/* End XCRemoteSwiftPackageReference section */

/* Begin XCSwiftPackageProductDependency section */
		DE625A222A3B65B70005EE46 /* Apollo */ = {
			isa = XCSwiftPackageProductDependency;
			package = DE625A212A3B65B70005EE46 /* XCRemoteSwiftPackageReference "apollo-ios" */;
			productName = Apollo;
		};
		DE625A442A3B6A610005EE46 /* Quick */ = {
			isa = XCSwiftPackageProductDependency;
			package = DE625A3D2A3B69D70005EE46 /* XCRemoteSwiftPackageReference "Quick" */;
			productName = Quick;
		};
		DE625A462A3B6A660005EE46 /* Nimble */ = {
			isa = XCSwiftPackageProductDependency;
			package = DE625A402A3B6A4C0005EE46 /* XCRemoteSwiftPackageReference "Nimble" */;
			productName = Nimble;
		};
/* End XCSwiftPackageProductDependency section */
	};
	rootObject = DE6259E22A3B643C0005EE46 /* Project object */;
}
