// !$*UTF8*$!
{
	archiveVersion = 1;
	classes = {
	};
	objectVersion = 56;
	objects = {

/* Begin PBXBuildFile section */
		DE749E302A1B520800C54331 /* Apollo in Frameworks */ = {isa = PBXBuildFile; productRef = DE749E2F2A1B520800C54331 /* Apollo */; };
		DE749E3C2A24F50F00C54331 /* Quick in Frameworks */ = {isa = PBXBuildFile; productRef = DE749E3B2A24F50F00C54331 /* Quick */; };
		DE749E3F2A24F52600C54331 /* Nimble in Frameworks */ = {isa = PBXBuildFile; productRef = DE749E3E2A24F52600C54331 /* Nimble */; };
		DE749E452A25FBA600C54331 /* CombineExpectations in Frameworks */ = {isa = PBXBuildFile; productRef = DE749E442A25FBA600C54331 /* CombineExpectations */; };
		DE749E4B2A2795D400C54331 /* CountryListView.swift in Sources */ = {isa = PBXBuildFile; fileRef = DE749E4A2A2795D400C54331 /* CountryListView.swift */; };
		DE749E4D2A2795DF00C54331 /* CountryDetailView.swift in Sources */ = {isa = PBXBuildFile; fileRef = DE749E4C2A2795DF00C54331 /* CountryDetailView.swift */; };
		DEE2F69A2A1B2A6B00ED65AC /* SimpleGraphQLPracticeApp.swift in Sources */ = {isa = PBXBuildFile; fileRef = DEE2F6992A1B2A6B00ED65AC /* SimpleGraphQLPracticeApp.swift */; };
		DEE2F69C2A1B2A6B00ED65AC /* ContentView.swift in Sources */ = {isa = PBXBuildFile; fileRef = DEE2F69B2A1B2A6B00ED65AC /* ContentView.swift */; };
		DEE2F69E2A1B2A6C00ED65AC /* Assets.xcassets in Resources */ = {isa = PBXBuildFile; fileRef = DEE2F69D2A1B2A6C00ED65AC /* Assets.xcassets */; };
		DEE2F6A12A1B2A6C00ED65AC /* Preview Assets.xcassets in Resources */ = {isa = PBXBuildFile; fileRef = DEE2F6A02A1B2A6C00ED65AC /* Preview Assets.xcassets */; };
		DEE2F6AB2A1B2A6C00ED65AC /* SimpleGraphQLPracticeTests.swift in Sources */ = {isa = PBXBuildFile; fileRef = DEE2F6AA2A1B2A6C00ED65AC /* SimpleGraphQLPracticeTests.swift */; };
		DEE2F6B52A1B2A6C00ED65AC /* SimpleGraphQLPracticeUITests.swift in Sources */ = {isa = PBXBuildFile; fileRef = DEE2F6B42A1B2A6C00ED65AC /* SimpleGraphQLPracticeUITests.swift */; };
		DEE2F6B72A1B2A6C00ED65AC /* SimpleGraphQLPracticeUITestsLaunchTests.swift in Sources */ = {isa = PBXBuildFile; fileRef = DEE2F6B62A1B2A6C00ED65AC /* SimpleGraphQLPracticeUITestsLaunchTests.swift */; };
/* End PBXBuildFile section */

/* Begin PBXContainerItemProxy section */
		DEE2F6A72A1B2A6C00ED65AC /* PBXContainerItemProxy */ = {
			isa = PBXContainerItemProxy;
			containerPortal = DEE2F68E2A1B2A6B00ED65AC /* Project object */;
			proxyType = 1;
			remoteGlobalIDString = DEE2F6952A1B2A6B00ED65AC;
			remoteInfo = SimpleGraphQLPractice;
		};
		DEE2F6B12A1B2A6C00ED65AC /* PBXContainerItemProxy */ = {
			isa = PBXContainerItemProxy;
			containerPortal = DEE2F68E2A1B2A6B00ED65AC /* Project object */;
			proxyType = 1;
			remoteGlobalIDString = DEE2F6952A1B2A6B00ED65AC;
			remoteInfo = SimpleGraphQLPractice;
		};
/* End PBXContainerItemProxy section */

/* Begin PBXFileReference section */
		DE749E4A2A2795D400C54331 /* CountryListView.swift */ = {isa = PBXFileReference; lastKnownFileType = sourcecode.swift; path = CountryListView.swift; sourceTree = "<group>"; };
		DE749E4C2A2795DF00C54331 /* CountryDetailView.swift */ = {isa = PBXFileReference; lastKnownFileType = sourcecode.swift; path = CountryDetailView.swift; sourceTree = "<group>"; };
		DEE2F6962A1B2A6B00ED65AC /* SimpleGraphQLPractice.app */ = {isa = PBXFileReference; explicitFileType = wrapper.application; includeInIndex = 0; path = SimpleGraphQLPractice.app; sourceTree = BUILT_PRODUCTS_DIR; };
		DEE2F6992A1B2A6B00ED65AC /* SimpleGraphQLPracticeApp.swift */ = {isa = PBXFileReference; lastKnownFileType = sourcecode.swift; path = SimpleGraphQLPracticeApp.swift; sourceTree = "<group>"; };
		DEE2F69B2A1B2A6B00ED65AC /* ContentView.swift */ = {isa = PBXFileReference; lastKnownFileType = sourcecode.swift; path = ContentView.swift; sourceTree = "<group>"; };
		DEE2F69D2A1B2A6C00ED65AC /* Assets.xcassets */ = {isa = PBXFileReference; lastKnownFileType = folder.assetcatalog; path = Assets.xcassets; sourceTree = "<group>"; };
		DEE2F6A02A1B2A6C00ED65AC /* Preview Assets.xcassets */ = {isa = PBXFileReference; lastKnownFileType = folder.assetcatalog; path = "Preview Assets.xcassets"; sourceTree = "<group>"; };
		DEE2F6A62A1B2A6C00ED65AC /* SimpleGraphQLPracticeTests.xctest */ = {isa = PBXFileReference; explicitFileType = wrapper.cfbundle; includeInIndex = 0; path = SimpleGraphQLPracticeTests.xctest; sourceTree = BUILT_PRODUCTS_DIR; };
		DEE2F6AA2A1B2A6C00ED65AC /* SimpleGraphQLPracticeTests.swift */ = {isa = PBXFileReference; lastKnownFileType = sourcecode.swift; path = SimpleGraphQLPracticeTests.swift; sourceTree = "<group>"; };
		DEE2F6B02A1B2A6C00ED65AC /* SimpleGraphQLPracticeUITests.xctest */ = {isa = PBXFileReference; explicitFileType = wrapper.cfbundle; includeInIndex = 0; path = SimpleGraphQLPracticeUITests.xctest; sourceTree = BUILT_PRODUCTS_DIR; };
		DEE2F6B42A1B2A6C00ED65AC /* SimpleGraphQLPracticeUITests.swift */ = {isa = PBXFileReference; lastKnownFileType = sourcecode.swift; path = SimpleGraphQLPracticeUITests.swift; sourceTree = "<group>"; };
		DEE2F6B62A1B2A6C00ED65AC /* SimpleGraphQLPracticeUITestsLaunchTests.swift */ = {isa = PBXFileReference; lastKnownFileType = sourcecode.swift; path = SimpleGraphQLPracticeUITestsLaunchTests.swift; sourceTree = "<group>"; };
/* End PBXFileReference section */

/* Begin PBXFrameworksBuildPhase section */
		DEE2F6932A1B2A6B00ED65AC /* Frameworks */ = {
			isa = PBXFrameworksBuildPhase;
			buildActionMask = 2147483647;
			files = (
				DE749E3F2A24F52600C54331 /* Nimble in Frameworks */,
				DE749E3C2A24F50F00C54331 /* Quick in Frameworks */,
				DE749E302A1B520800C54331 /* Apollo in Frameworks */,
				DE749E452A25FBA600C54331 /* CombineExpectations in Frameworks */,
			);
			runOnlyForDeploymentPostprocessing = 0;
		};
		DEE2F6A32A1B2A6C00ED65AC /* Frameworks */ = {
			isa = PBXFrameworksBuildPhase;
			buildActionMask = 2147483647;
			files = (
			);
			runOnlyForDeploymentPostprocessing = 0;
		};
		DEE2F6AD2A1B2A6C00ED65AC /* Frameworks */ = {
			isa = PBXFrameworksBuildPhase;
			buildActionMask = 2147483647;
			files = (
			);
			runOnlyForDeploymentPostprocessing = 0;
		};
/* End PBXFrameworksBuildPhase section */

/* Begin PBXGroup section */
		DE749E402A25FB2000C54331 /* CountryList */ = {
			isa = PBXGroup;
			children = (
				DE749E4A2A2795D400C54331 /* CountryListView.swift */,
			);
			path = CountryList;
			sourceTree = "<group>";
		};
		DE749E412A25FB2900C54331 /* CountryDetail */ = {
			isa = PBXGroup;
			children = (
				DE749E4C2A2795DF00C54331 /* CountryDetailView.swift */,
			);
			path = CountryDetail;
			sourceTree = "<group>";
		};
		DE749E422A25FB5E00C54331 /* GraphQL */ = {
			isa = PBXGroup;
			children = (
			);
			path = GraphQL;
			sourceTree = "<group>";
		};
		DE749E462A25FBBB00C54331 /* Seed */ = {
			isa = PBXGroup;
			children = (
			);
			path = Seed;
			sourceTree = "<group>";
		};
		DEE2F68D2A1B2A6B00ED65AC = {
			isa = PBXGroup;
			children = (
				DEE2F6982A1B2A6B00ED65AC /* SimpleGraphQLPractice */,
				DEE2F6A92A1B2A6C00ED65AC /* SimpleGraphQLPracticeTests */,
				DEE2F6B32A1B2A6C00ED65AC /* SimpleGraphQLPracticeUITests */,
				DEE2F6972A1B2A6B00ED65AC /* Products */,
			);
			sourceTree = "<group>";
		};
		DEE2F6972A1B2A6B00ED65AC /* Products */ = {
			isa = PBXGroup;
			children = (
				DEE2F6962A1B2A6B00ED65AC /* SimpleGraphQLPractice.app */,
				DEE2F6A62A1B2A6C00ED65AC /* SimpleGraphQLPracticeTests.xctest */,
				DEE2F6B02A1B2A6C00ED65AC /* SimpleGraphQLPracticeUITests.xctest */,
			);
			name = Products;
			sourceTree = "<group>";
		};
		DEE2F6982A1B2A6B00ED65AC /* SimpleGraphQLPractice */ = {
			isa = PBXGroup;
			children = (
				DEE2F6992A1B2A6B00ED65AC /* SimpleGraphQLPracticeApp.swift */,
				DE749E422A25FB5E00C54331 /* GraphQL */,
				DE749E402A25FB2000C54331 /* CountryList */,
				DE749E412A25FB2900C54331 /* CountryDetail */,
				DEE2F69B2A1B2A6B00ED65AC /* ContentView.swift */,
				DEE2F69D2A1B2A6C00ED65AC /* Assets.xcassets */,
				DEE2F69F2A1B2A6C00ED65AC /* Preview Content */,
			);
			path = SimpleGraphQLPractice;
			sourceTree = "<group>";
		};
		DEE2F69F2A1B2A6C00ED65AC /* Preview Content */ = {
			isa = PBXGroup;
			children = (
				DEE2F6A02A1B2A6C00ED65AC /* Preview Assets.xcassets */,
			);
			path = "Preview Content";
			sourceTree = "<group>";
		};
		DEE2F6A92A1B2A6C00ED65AC /* SimpleGraphQLPracticeTests */ = {
			isa = PBXGroup;
			children = (
				DE749E462A25FBBB00C54331 /* Seed */,
				DEE2F6AA2A1B2A6C00ED65AC /* SimpleGraphQLPracticeTests.swift */,
			);
			path = SimpleGraphQLPracticeTests;
			sourceTree = "<group>";
		};
		DEE2F6B32A1B2A6C00ED65AC /* SimpleGraphQLPracticeUITests */ = {
			isa = PBXGroup;
			children = (
				DEE2F6B42A1B2A6C00ED65AC /* SimpleGraphQLPracticeUITests.swift */,
				DEE2F6B62A1B2A6C00ED65AC /* SimpleGraphQLPracticeUITestsLaunchTests.swift */,
			);
			path = SimpleGraphQLPracticeUITests;
			sourceTree = "<group>";
		};
/* End PBXGroup section */

/* Begin PBXNativeTarget section */
		DEE2F6952A1B2A6B00ED65AC /* SimpleGraphQLPractice */ = {
			isa = PBXNativeTarget;
			buildConfigurationList = DEE2F6BA2A1B2A6C00ED65AC /* Build configuration list for PBXNativeTarget "SimpleGraphQLPractice" */;
			buildPhases = (
				DEE2F6922A1B2A6B00ED65AC /* Sources */,
				DEE2F6932A1B2A6B00ED65AC /* Frameworks */,
				DEE2F6942A1B2A6B00ED65AC /* Resources */,
			);
			buildRules = (
			);
			dependencies = (
			);
			name = SimpleGraphQLPractice;
			packageProductDependencies = (
				DE749E2F2A1B520800C54331 /* Apollo */,
				DE749E3B2A24F50F00C54331 /* Quick */,
				DE749E3E2A24F52600C54331 /* Nimble */,
				DE749E442A25FBA600C54331 /* CombineExpectations */,
			);
			productName = SimpleGraphQLPractice;
			productReference = DEE2F6962A1B2A6B00ED65AC /* SimpleGraphQLPractice.app */;
			productType = "com.apple.product-type.application";
		};
		DEE2F6A52A1B2A6C00ED65AC /* SimpleGraphQLPracticeTests */ = {
			isa = PBXNativeTarget;
			buildConfigurationList = DEE2F6BD2A1B2A6C00ED65AC /* Build configuration list for PBXNativeTarget "SimpleGraphQLPracticeTests" */;
			buildPhases = (
				DEE2F6A22A1B2A6C00ED65AC /* Sources */,
				DEE2F6A32A1B2A6C00ED65AC /* Frameworks */,
				DEE2F6A42A1B2A6C00ED65AC /* Resources */,
			);
			buildRules = (
			);
			dependencies = (
				DEE2F6A82A1B2A6C00ED65AC /* PBXTargetDependency */,
			);
			name = SimpleGraphQLPracticeTests;
			productName = SimpleGraphQLPracticeTests;
			productReference = DEE2F6A62A1B2A6C00ED65AC /* SimpleGraphQLPracticeTests.xctest */;
			productType = "com.apple.product-type.bundle.unit-test";
		};
		DEE2F6AF2A1B2A6C00ED65AC /* SimpleGraphQLPracticeUITests */ = {
			isa = PBXNativeTarget;
			buildConfigurationList = DEE2F6C02A1B2A6C00ED65AC /* Build configuration list for PBXNativeTarget "SimpleGraphQLPracticeUITests" */;
			buildPhases = (
				DEE2F6AC2A1B2A6C00ED65AC /* Sources */,
				DEE2F6AD2A1B2A6C00ED65AC /* Frameworks */,
				DEE2F6AE2A1B2A6C00ED65AC /* Resources */,
			);
			buildRules = (
			);
			dependencies = (
				DEE2F6B22A1B2A6C00ED65AC /* PBXTargetDependency */,
			);
			name = SimpleGraphQLPracticeUITests;
			productName = SimpleGraphQLPracticeUITests;
			productReference = DEE2F6B02A1B2A6C00ED65AC /* SimpleGraphQLPracticeUITests.xctest */;
			productType = "com.apple.product-type.bundle.ui-testing";
		};
/* End PBXNativeTarget section */

/* Begin PBXProject section */
		DEE2F68E2A1B2A6B00ED65AC /* Project object */ = {
			isa = PBXProject;
			attributes = {
				BuildIndependentTargetsInParallel = 1;
				LastSwiftUpdateCheck = 1430;
				LastUpgradeCheck = 1430;
				TargetAttributes = {
					DEE2F6952A1B2A6B00ED65AC = {
						CreatedOnToolsVersion = 14.3;
					};
					DEE2F6A52A1B2A6C00ED65AC = {
						CreatedOnToolsVersion = 14.3;
						TestTargetID = DEE2F6952A1B2A6B00ED65AC;
					};
					DEE2F6AF2A1B2A6C00ED65AC = {
						CreatedOnToolsVersion = 14.3;
						TestTargetID = DEE2F6952A1B2A6B00ED65AC;
					};
				};
			};
			buildConfigurationList = DEE2F6912A1B2A6B00ED65AC /* Build configuration list for PBXProject "SimpleGraphQLPractice" */;
			compatibilityVersion = "Xcode 14.0";
			developmentRegion = en;
			hasScannedForEncodings = 0;
			knownRegions = (
				en,
				Base,
			);
			mainGroup = DEE2F68D2A1B2A6B00ED65AC;
			packageReferences = (
				DE749E2E2A1B520800C54331 /* XCRemoteSwiftPackageReference "apollo-ios" */,
				DE749E3A2A24F50F00C54331 /* XCRemoteSwiftPackageReference "Quick" */,
				DE749E3D2A24F52600C54331 /* XCRemoteSwiftPackageReference "Nimble" */,
				DE749E432A25FBA600C54331 /* XCRemoteSwiftPackageReference "CombineExpectations" */,
			);
			productRefGroup = DEE2F6972A1B2A6B00ED65AC /* Products */;
			projectDirPath = "";
			projectRoot = "";
			targets = (
				DEE2F6952A1B2A6B00ED65AC /* SimpleGraphQLPractice */,
				DEE2F6A52A1B2A6C00ED65AC /* SimpleGraphQLPracticeTests */,
				DEE2F6AF2A1B2A6C00ED65AC /* SimpleGraphQLPracticeUITests */,
			);
		};
/* End PBXProject section */

/* Begin PBXResourcesBuildPhase section */
		DEE2F6942A1B2A6B00ED65AC /* Resources */ = {
			isa = PBXResourcesBuildPhase;
			buildActionMask = 2147483647;
			files = (
				DEE2F6A12A1B2A6C00ED65AC /* Preview Assets.xcassets in Resources */,
				DEE2F69E2A1B2A6C00ED65AC /* Assets.xcassets in Resources */,
			);
			runOnlyForDeploymentPostprocessing = 0;
		};
		DEE2F6A42A1B2A6C00ED65AC /* Resources */ = {
			isa = PBXResourcesBuildPhase;
			buildActionMask = 2147483647;
			files = (
			);
			runOnlyForDeploymentPostprocessing = 0;
		};
		DEE2F6AE2A1B2A6C00ED65AC /* Resources */ = {
			isa = PBXResourcesBuildPhase;
			buildActionMask = 2147483647;
			files = (
			);
			runOnlyForDeploymentPostprocessing = 0;
		};
/* End PBXResourcesBuildPhase section */

/* Begin PBXSourcesBuildPhase section */
		DEE2F6922A1B2A6B00ED65AC /* Sources */ = {
			isa = PBXSourcesBuildPhase;
			buildActionMask = 2147483647;
			files = (
				DE749E4D2A2795DF00C54331 /* CountryDetailView.swift in Sources */,
				DEE2F69C2A1B2A6B00ED65AC /* ContentView.swift in Sources */,
				DEE2F69A2A1B2A6B00ED65AC /* SimpleGraphQLPracticeApp.swift in Sources */,
				DE749E4B2A2795D400C54331 /* CountryListView.swift in Sources */,
			);
			runOnlyForDeploymentPostprocessing = 0;
		};
		DEE2F6A22A1B2A6C00ED65AC /* Sources */ = {
			isa = PBXSourcesBuildPhase;
			buildActionMask = 2147483647;
			files = (
				DEE2F6AB2A1B2A6C00ED65AC /* SimpleGraphQLPracticeTests.swift in Sources */,
			);
			runOnlyForDeploymentPostprocessing = 0;
		};
		DEE2F6AC2A1B2A6C00ED65AC /* Sources */ = {
			isa = PBXSourcesBuildPhase;
			buildActionMask = 2147483647;
			files = (
				DEE2F6B52A1B2A6C00ED65AC /* SimpleGraphQLPracticeUITests.swift in Sources */,
				DEE2F6B72A1B2A6C00ED65AC /* SimpleGraphQLPracticeUITestsLaunchTests.swift in Sources */,
			);
			runOnlyForDeploymentPostprocessing = 0;
		};
/* End PBXSourcesBuildPhase section */

/* Begin PBXTargetDependency section */
		DEE2F6A82A1B2A6C00ED65AC /* PBXTargetDependency */ = {
			isa = PBXTargetDependency;
			target = DEE2F6952A1B2A6B00ED65AC /* SimpleGraphQLPractice */;
			targetProxy = DEE2F6A72A1B2A6C00ED65AC /* PBXContainerItemProxy */;
		};
		DEE2F6B22A1B2A6C00ED65AC /* PBXTargetDependency */ = {
			isa = PBXTargetDependency;
			target = DEE2F6952A1B2A6B00ED65AC /* SimpleGraphQLPractice */;
			targetProxy = DEE2F6B12A1B2A6C00ED65AC /* PBXContainerItemProxy */;
		};
/* End PBXTargetDependency section */

/* Begin XCBuildConfiguration section */
		DEE2F6B82A1B2A6C00ED65AC /* Debug */ = {
			isa = XCBuildConfiguration;
			buildSettings = {
				ALWAYS_SEARCH_USER_PATHS = NO;
				CLANG_ANALYZER_NONNULL = YES;
				CLANG_ANALYZER_NUMBER_OBJECT_CONVERSION = YES_AGGRESSIVE;
				CLANG_CXX_LANGUAGE_STANDARD = "gnu++20";
				CLANG_ENABLE_MODULES = YES;
				CLANG_ENABLE_OBJC_ARC = YES;
				CLANG_ENABLE_OBJC_WEAK = YES;
				CLANG_WARN_BLOCK_CAPTURE_AUTORELEASING = YES;
				CLANG_WARN_BOOL_CONVERSION = YES;
				CLANG_WARN_COMMA = YES;
				CLANG_WARN_CONSTANT_CONVERSION = YES;
				CLANG_WARN_DEPRECATED_OBJC_IMPLEMENTATIONS = YES;
				CLANG_WARN_DIRECT_OBJC_ISA_USAGE = YES_ERROR;
				CLANG_WARN_DOCUMENTATION_COMMENTS = YES;
				CLANG_WARN_EMPTY_BODY = YES;
				CLANG_WARN_ENUM_CONVERSION = YES;
				CLANG_WARN_INFINITE_RECURSION = YES;
				CLANG_WARN_INT_CONVERSION = YES;
				CLANG_WARN_NON_LITERAL_NULL_CONVERSION = YES;
				CLANG_WARN_OBJC_IMPLICIT_RETAIN_SELF = YES;
				CLANG_WARN_OBJC_LITERAL_CONVERSION = YES;
				CLANG_WARN_OBJC_ROOT_CLASS = YES_ERROR;
				CLANG_WARN_QUOTED_INCLUDE_IN_FRAMEWORK_HEADER = YES;
				CLANG_WARN_RANGE_LOOP_ANALYSIS = YES;
				CLANG_WARN_STRICT_PROTOTYPES = YES;
				CLANG_WARN_SUSPICIOUS_MOVE = YES;
				CLANG_WARN_UNGUARDED_AVAILABILITY = YES_AGGRESSIVE;
				CLANG_WARN_UNREACHABLE_CODE = YES;
				CLANG_WARN__DUPLICATE_METHOD_MATCH = YES;
				COPY_PHASE_STRIP = NO;
				DEBUG_INFORMATION_FORMAT = dwarf;
				ENABLE_STRICT_OBJC_MSGSEND = YES;
				ENABLE_TESTABILITY = YES;
				GCC_C_LANGUAGE_STANDARD = gnu11;
				GCC_DYNAMIC_NO_PIC = NO;
				GCC_NO_COMMON_BLOCKS = YES;
				GCC_OPTIMIZATION_LEVEL = 0;
				GCC_PREPROCESSOR_DEFINITIONS = (
					"DEBUG=1",
					"$(inherited)",
				);
				GCC_WARN_64_TO_32_BIT_CONVERSION = YES;
				GCC_WARN_ABOUT_RETURN_TYPE = YES_ERROR;
				GCC_WARN_UNDECLARED_SELECTOR = YES;
				GCC_WARN_UNINITIALIZED_AUTOS = YES_AGGRESSIVE;
				GCC_WARN_UNUSED_FUNCTION = YES;
				GCC_WARN_UNUSED_VARIABLE = YES;
				IPHONEOS_DEPLOYMENT_TARGET = 16.4;
				MTL_ENABLE_DEBUG_INFO = INCLUDE_SOURCE;
				MTL_FAST_MATH = YES;
				ONLY_ACTIVE_ARCH = YES;
				SDKROOT = iphoneos;
				SWIFT_ACTIVE_COMPILATION_CONDITIONS = DEBUG;
				SWIFT_OPTIMIZATION_LEVEL = "-Onone";
			};
			name = Debug;
		};
		DEE2F6B92A1B2A6C00ED65AC /* Release */ = {
			isa = XCBuildConfiguration;
			buildSettings = {
				ALWAYS_SEARCH_USER_PATHS = NO;
				CLANG_ANALYZER_NONNULL = YES;
				CLANG_ANALYZER_NUMBER_OBJECT_CONVERSION = YES_AGGRESSIVE;
				CLANG_CXX_LANGUAGE_STANDARD = "gnu++20";
				CLANG_ENABLE_MODULES = YES;
				CLANG_ENABLE_OBJC_ARC = YES;
				CLANG_ENABLE_OBJC_WEAK = YES;
				CLANG_WARN_BLOCK_CAPTURE_AUTORELEASING = YES;
				CLANG_WARN_BOOL_CONVERSION = YES;
				CLANG_WARN_COMMA = YES;
				CLANG_WARN_CONSTANT_CONVERSION = YES;
				CLANG_WARN_DEPRECATED_OBJC_IMPLEMENTATIONS = YES;
				CLANG_WARN_DIRECT_OBJC_ISA_USAGE = YES_ERROR;
				CLANG_WARN_DOCUMENTATION_COMMENTS = YES;
				CLANG_WARN_EMPTY_BODY = YES;
				CLANG_WARN_ENUM_CONVERSION = YES;
				CLANG_WARN_INFINITE_RECURSION = YES;
				CLANG_WARN_INT_CONVERSION = YES;
				CLANG_WARN_NON_LITERAL_NULL_CONVERSION = YES;
				CLANG_WARN_OBJC_IMPLICIT_RETAIN_SELF = YES;
				CLANG_WARN_OBJC_LITERAL_CONVERSION = YES;
				CLANG_WARN_OBJC_ROOT_CLASS = YES_ERROR;
				CLANG_WARN_QUOTED_INCLUDE_IN_FRAMEWORK_HEADER = YES;
				CLANG_WARN_RANGE_LOOP_ANALYSIS = YES;
				CLANG_WARN_STRICT_PROTOTYPES = YES;
				CLANG_WARN_SUSPICIOUS_MOVE = YES;
				CLANG_WARN_UNGUARDED_AVAILABILITY = YES_AGGRESSIVE;
				CLANG_WARN_UNREACHABLE_CODE = YES;
				CLANG_WARN__DUPLICATE_METHOD_MATCH = YES;
				COPY_PHASE_STRIP = NO;
				DEBUG_INFORMATION_FORMAT = "dwarf-with-dsym";
				ENABLE_NS_ASSERTIONS = NO;
				ENABLE_STRICT_OBJC_MSGSEND = YES;
				GCC_C_LANGUAGE_STANDARD = gnu11;
				GCC_NO_COMMON_BLOCKS = YES;
				GCC_WARN_64_TO_32_BIT_CONVERSION = YES;
				GCC_WARN_ABOUT_RETURN_TYPE = YES_ERROR;
				GCC_WARN_UNDECLARED_SELECTOR = YES;
				GCC_WARN_UNINITIALIZED_AUTOS = YES_AGGRESSIVE;
				GCC_WARN_UNUSED_FUNCTION = YES;
				GCC_WARN_UNUSED_VARIABLE = YES;
				IPHONEOS_DEPLOYMENT_TARGET = 16.4;
				MTL_ENABLE_DEBUG_INFO = NO;
				MTL_FAST_MATH = YES;
				SDKROOT = iphoneos;
				SWIFT_COMPILATION_MODE = wholemodule;
				SWIFT_OPTIMIZATION_LEVEL = "-O";
				VALIDATE_PRODUCT = YES;
			};
			name = Release;
		};
		DEE2F6BB2A1B2A6C00ED65AC /* Debug */ = {
			isa = XCBuildConfiguration;
			buildSettings = {
				ASSETCATALOG_COMPILER_APPICON_NAME = AppIcon;
				ASSETCATALOG_COMPILER_GLOBAL_ACCENT_COLOR_NAME = AccentColor;
				CODE_SIGN_STYLE = Automatic;
				CURRENT_PROJECT_VERSION = 1;
				DEVELOPMENT_ASSET_PATHS = "\"SimpleGraphQLPractice/Preview Content\"";
				DEVELOPMENT_TEAM = S5BF5553KY;
				ENABLE_PREVIEWS = YES;
				GENERATE_INFOPLIST_FILE = YES;
				INFOPLIST_KEY_UIApplicationSceneManifest_Generation = YES;
				INFOPLIST_KEY_UIApplicationSupportsIndirectInputEvents = YES;
				INFOPLIST_KEY_UILaunchScreen_Generation = YES;
				INFOPLIST_KEY_UISupportedInterfaceOrientations_iPad = "UIInterfaceOrientationPortrait UIInterfaceOrientationPortraitUpsideDown UIInterfaceOrientationLandscapeLeft UIInterfaceOrientationLandscapeRight";
				INFOPLIST_KEY_UISupportedInterfaceOrientations_iPhone = "UIInterfaceOrientationPortrait UIInterfaceOrientationLandscapeLeft UIInterfaceOrientationLandscapeRight";
				LD_RUNPATH_SEARCH_PATHS = (
					"$(inherited)",
					"@executable_path/Frameworks",
				);
				MARKETING_VERSION = 1.0;
				PRODUCT_BUNDLE_IDENTIFIER = net.just1factory.SimpleGraphQLPractice;
				PRODUCT_NAME = "$(TARGET_NAME)";
				SWIFT_EMIT_LOC_STRINGS = YES;
				SWIFT_VERSION = 5.0;
				TARGETED_DEVICE_FAMILY = "1,2";
			};
			name = Debug;
		};
		DEE2F6BC2A1B2A6C00ED65AC /* Release */ = {
			isa = XCBuildConfiguration;
			buildSettings = {
				ASSETCATALOG_COMPILER_APPICON_NAME = AppIcon;
				ASSETCATALOG_COMPILER_GLOBAL_ACCENT_COLOR_NAME = AccentColor;
				CODE_SIGN_STYLE = Automatic;
				CURRENT_PROJECT_VERSION = 1;
				DEVELOPMENT_ASSET_PATHS = "\"SimpleGraphQLPractice/Preview Content\"";
				DEVELOPMENT_TEAM = S5BF5553KY;
				ENABLE_PREVIEWS = YES;
				GENERATE_INFOPLIST_FILE = YES;
				INFOPLIST_KEY_UIApplicationSceneManifest_Generation = YES;
				INFOPLIST_KEY_UIApplicationSupportsIndirectInputEvents = YES;
				INFOPLIST_KEY_UILaunchScreen_Generation = YES;
				INFOPLIST_KEY_UISupportedInterfaceOrientations_iPad = "UIInterfaceOrientationPortrait UIInterfaceOrientationPortraitUpsideDown UIInterfaceOrientationLandscapeLeft UIInterfaceOrientationLandscapeRight";
				INFOPLIST_KEY_UISupportedInterfaceOrientations_iPhone = "UIInterfaceOrientationPortrait UIInterfaceOrientationLandscapeLeft UIInterfaceOrientationLandscapeRight";
				LD_RUNPATH_SEARCH_PATHS = (
					"$(inherited)",
					"@executable_path/Frameworks",
				);
				MARKETING_VERSION = 1.0;
				PRODUCT_BUNDLE_IDENTIFIER = net.just1factory.SimpleGraphQLPractice;
				PRODUCT_NAME = "$(TARGET_NAME)";
				SWIFT_EMIT_LOC_STRINGS = YES;
				SWIFT_VERSION = 5.0;
				TARGETED_DEVICE_FAMILY = "1,2";
			};
			name = Release;
		};
		DEE2F6BE2A1B2A6C00ED65AC /* Debug */ = {
			isa = XCBuildConfiguration;
			buildSettings = {
				ALWAYS_EMBED_SWIFT_STANDARD_LIBRARIES = YES;
				BUNDLE_LOADER = "$(TEST_HOST)";
				CODE_SIGN_STYLE = Automatic;
				CURRENT_PROJECT_VERSION = 1;
				DEVELOPMENT_TEAM = S5BF5553KY;
				GENERATE_INFOPLIST_FILE = YES;
				IPHONEOS_DEPLOYMENT_TARGET = 16.4;
				MARKETING_VERSION = 1.0;
				PRODUCT_BUNDLE_IDENTIFIER = net.just1factory.SimpleGraphQLPracticeTests;
				PRODUCT_NAME = "$(TARGET_NAME)";
				SWIFT_EMIT_LOC_STRINGS = NO;
				SWIFT_VERSION = 5.0;
				TARGETED_DEVICE_FAMILY = "1,2";
				TEST_HOST = "$(BUILT_PRODUCTS_DIR)/SimpleGraphQLPractice.app/$(BUNDLE_EXECUTABLE_FOLDER_PATH)/SimpleGraphQLPractice";
			};
			name = Debug;
		};
		DEE2F6BF2A1B2A6C00ED65AC /* Release */ = {
			isa = XCBuildConfiguration;
			buildSettings = {
				ALWAYS_EMBED_SWIFT_STANDARD_LIBRARIES = YES;
				BUNDLE_LOADER = "$(TEST_HOST)";
				CODE_SIGN_STYLE = Automatic;
				CURRENT_PROJECT_VERSION = 1;
				DEVELOPMENT_TEAM = S5BF5553KY;
				GENERATE_INFOPLIST_FILE = YES;
				IPHONEOS_DEPLOYMENT_TARGET = 16.4;
				MARKETING_VERSION = 1.0;
				PRODUCT_BUNDLE_IDENTIFIER = net.just1factory.SimpleGraphQLPracticeTests;
				PRODUCT_NAME = "$(TARGET_NAME)";
				SWIFT_EMIT_LOC_STRINGS = NO;
				SWIFT_VERSION = 5.0;
				TARGETED_DEVICE_FAMILY = "1,2";
				TEST_HOST = "$(BUILT_PRODUCTS_DIR)/SimpleGraphQLPractice.app/$(BUNDLE_EXECUTABLE_FOLDER_PATH)/SimpleGraphQLPractice";
			};
			name = Release;
		};
		DEE2F6C12A1B2A6C00ED65AC /* Debug */ = {
			isa = XCBuildConfiguration;
			buildSettings = {
				ALWAYS_EMBED_SWIFT_STANDARD_LIBRARIES = YES;
				CODE_SIGN_STYLE = Automatic;
				CURRENT_PROJECT_VERSION = 1;
				DEVELOPMENT_TEAM = S5BF5553KY;
				GENERATE_INFOPLIST_FILE = YES;
				MARKETING_VERSION = 1.0;
				PRODUCT_BUNDLE_IDENTIFIER = net.just1factory.SimpleGraphQLPracticeUITests;
				PRODUCT_NAME = "$(TARGET_NAME)";
				SWIFT_EMIT_LOC_STRINGS = NO;
				SWIFT_VERSION = 5.0;
				TARGETED_DEVICE_FAMILY = "1,2";
				TEST_TARGET_NAME = SimpleGraphQLPractice;
			};
			name = Debug;
		};
		DEE2F6C22A1B2A6C00ED65AC /* Release */ = {
			isa = XCBuildConfiguration;
			buildSettings = {
				ALWAYS_EMBED_SWIFT_STANDARD_LIBRARIES = YES;
				CODE_SIGN_STYLE = Automatic;
				CURRENT_PROJECT_VERSION = 1;
				DEVELOPMENT_TEAM = S5BF5553KY;
				GENERATE_INFOPLIST_FILE = YES;
				MARKETING_VERSION = 1.0;
				PRODUCT_BUNDLE_IDENTIFIER = net.just1factory.SimpleGraphQLPracticeUITests;
				PRODUCT_NAME = "$(TARGET_NAME)";
				SWIFT_EMIT_LOC_STRINGS = NO;
				SWIFT_VERSION = 5.0;
				TARGETED_DEVICE_FAMILY = "1,2";
				TEST_TARGET_NAME = SimpleGraphQLPractice;
			};
			name = Release;
		};
/* End XCBuildConfiguration section */

/* Begin XCConfigurationList section */
		DEE2F6912A1B2A6B00ED65AC /* Build configuration list for PBXProject "SimpleGraphQLPractice" */ = {
			isa = XCConfigurationList;
			buildConfigurations = (
				DEE2F6B82A1B2A6C00ED65AC /* Debug */,
				DEE2F6B92A1B2A6C00ED65AC /* Release */,
			);
			defaultConfigurationIsVisible = 0;
			defaultConfigurationName = Release;
		};
		DEE2F6BA2A1B2A6C00ED65AC /* Build configuration list for PBXNativeTarget "SimpleGraphQLPractice" */ = {
			isa = XCConfigurationList;
			buildConfigurations = (
				DEE2F6BB2A1B2A6C00ED65AC /* Debug */,
				DEE2F6BC2A1B2A6C00ED65AC /* Release */,
			);
			defaultConfigurationIsVisible = 0;
			defaultConfigurationName = Release;
		};
		DEE2F6BD2A1B2A6C00ED65AC /* Build configuration list for PBXNativeTarget "SimpleGraphQLPracticeTests" */ = {
			isa = XCConfigurationList;
			buildConfigurations = (
				DEE2F6BE2A1B2A6C00ED65AC /* Debug */,
				DEE2F6BF2A1B2A6C00ED65AC /* Release */,
			);
			defaultConfigurationIsVisible = 0;
			defaultConfigurationName = Release;
		};
		DEE2F6C02A1B2A6C00ED65AC /* Build configuration list for PBXNativeTarget "SimpleGraphQLPracticeUITests" */ = {
			isa = XCConfigurationList;
			buildConfigurations = (
				DEE2F6C12A1B2A6C00ED65AC /* Debug */,
				DEE2F6C22A1B2A6C00ED65AC /* Release */,
			);
			defaultConfigurationIsVisible = 0;
			defaultConfigurationName = Release;
		};
/* End XCConfigurationList section */

/* Begin XCRemoteSwiftPackageReference section */
		DE749E2E2A1B520800C54331 /* XCRemoteSwiftPackageReference "apollo-ios" */ = {
			isa = XCRemoteSwiftPackageReference;
			repositoryURL = "https://github.com/apollographql/apollo-ios.git";
			requirement = {
				kind = upToNextMajorVersion;
				minimumVersion = 1.0.0;
			};
		};
		DE749E3A2A24F50F00C54331 /* XCRemoteSwiftPackageReference "Quick" */ = {
			isa = XCRemoteSwiftPackageReference;
			repositoryURL = "https://github.com/Quick/Quick.git";
			requirement = {
				kind = upToNextMinorVersion;
				minimumVersion = 7.0.0;
			};
		};
		DE749E3D2A24F52600C54331 /* XCRemoteSwiftPackageReference "Nimble" */ = {
			isa = XCRemoteSwiftPackageReference;
			repositoryURL = "https://github.com/Quick/Nimble.git";
			requirement = {
				kind = upToNextMinorVersion;
				minimumVersion = 12.0.0;
			};
		};
		DE749E432A25FBA600C54331 /* XCRemoteSwiftPackageReference "CombineExpectations" */ = {
			isa = XCRemoteSwiftPackageReference;
			repositoryURL = "https://github.com/groue/CombineExpectations.git";
			requirement = {
				branch = master;
				kind = branch;
			};
		};
/* End XCRemoteSwiftPackageReference section */

/* Begin XCSwiftPackageProductDependency section */
		DE749E2F2A1B520800C54331 /* Apollo */ = {
			isa = XCSwiftPackageProductDependency;
			package = DE749E2E2A1B520800C54331 /* XCRemoteSwiftPackageReference "apollo-ios" */;
			productName = Apollo;
		};
		DE749E3B2A24F50F00C54331 /* Quick */ = {
			isa = XCSwiftPackageProductDependency;
			package = DE749E3A2A24F50F00C54331 /* XCRemoteSwiftPackageReference "Quick" */;
			productName = Quick;
		};
		DE749E3E2A24F52600C54331 /* Nimble */ = {
			isa = XCSwiftPackageProductDependency;
			package = DE749E3D2A24F52600C54331 /* XCRemoteSwiftPackageReference "Nimble" */;
			productName = Nimble;
		};
		DE749E442A25FBA600C54331 /* CombineExpectations */ = {
			isa = XCSwiftPackageProductDependency;
			package = DE749E432A25FBA600C54331 /* XCRemoteSwiftPackageReference "CombineExpectations" */;
			productName = CombineExpectations;
		};
/* End XCSwiftPackageProductDependency section */
	};
	rootObject = DEE2F68E2A1B2A6B00ED65AC /* Project object */;
}
